// !$*UTF8*$!
{
	archiveVersion = 1;
	classes = {
	};
	objectVersion = 46;
	objects = {

/* Begin PBXBuildFile section */
		4E8A3D7217ACF37400F49E8D /* OpenUDID.m in Sources */ = {isa = PBXBuildFile; fileRef = 4E8A3D7117ACF37400F49E8D /* OpenUDID.m */; };
		4E8A3D7A17AD07C400F49E8D /* UIDevice+SystemInfo.m in Sources */ = {isa = PBXBuildFile; fileRef = 4E8A3D7917AD07C400F49E8D /* UIDevice+SystemInfo.m */; };
		4E8A3D8217AD097100F49E8D /* GaryPersonalLog.m in Sources */ = {isa = PBXBuildFile; fileRef = 4E8A3D8117AD097100F49E8D /* GaryPersonalLog.m */; };
		4E8A3D8D17AE1A9500F49E8D /* UIColor+Colours.m in Sources */ = {isa = PBXBuildFile; fileRef = 4E8A3D8C17AE1A9500F49E8D /* UIColor+Colours.m */; };
		4EAC4B8417AE6715004A8E95 /* AFHTTPClient.m in Sources */ = {isa = PBXBuildFile; fileRef = 4EAC4B7217AE6715004A8E95 /* AFHTTPClient.m */; settings = {COMPILER_FLAGS = "-fobjc-arc"; }; };
		4EAC4B8517AE6715004A8E95 /* AFHTTPRequestOperation.m in Sources */ = {isa = PBXBuildFile; fileRef = 4EAC4B7417AE6715004A8E95 /* AFHTTPRequestOperation.m */; settings = {COMPILER_FLAGS = "-fobjc-arc"; }; };
		4EAC4B8617AE6715004A8E95 /* AFImageRequestOperation.m in Sources */ = {isa = PBXBuildFile; fileRef = 4EAC4B7617AE6715004A8E95 /* AFImageRequestOperation.m */; settings = {COMPILER_FLAGS = "-fobjc-arc"; }; };
		4EAC4B8717AE6715004A8E95 /* AFJSONRequestOperation.m in Sources */ = {isa = PBXBuildFile; fileRef = 4EAC4B7817AE6715004A8E95 /* AFJSONRequestOperation.m */; settings = {COMPILER_FLAGS = "-fobjc-arc"; }; };
		4EAC4B8817AE6715004A8E95 /* AFNetworkActivityIndicatorManager.m in Sources */ = {isa = PBXBuildFile; fileRef = 4EAC4B7A17AE6715004A8E95 /* AFNetworkActivityIndicatorManager.m */; settings = {COMPILER_FLAGS = "-fobjc-arc"; }; };
		4EAC4B8917AE6715004A8E95 /* AFPropertyListRequestOperation.m in Sources */ = {isa = PBXBuildFile; fileRef = 4EAC4B7D17AE6715004A8E95 /* AFPropertyListRequestOperation.m */; settings = {COMPILER_FLAGS = "-fobjc-arc"; }; };
		4EAC4B8A17AE6715004A8E95 /* AFURLConnectionOperation.m in Sources */ = {isa = PBXBuildFile; fileRef = 4EAC4B7F17AE6715004A8E95 /* AFURLConnectionOperation.m */; settings = {COMPILER_FLAGS = "-fobjc-arc"; }; };
		4EAC4B8B17AE6715004A8E95 /* AFXMLRequestOperation.m in Sources */ = {isa = PBXBuildFile; fileRef = 4EAC4B8117AE6715004A8E95 /* AFXMLRequestOperation.m */; settings = {COMPILER_FLAGS = "-fobjc-arc"; }; };
		4EAC4B8C17AE6715004A8E95 /* UIImageView+AFNetworking.m in Sources */ = {isa = PBXBuildFile; fileRef = 4EAC4B8317AE6715004A8E95 /* UIImageView+AFNetworking.m */; settings = {COMPILER_FLAGS = "-fobjc-arc"; }; };
		4EAC4B8E17AE686A004A8E95 /* SystemConfiguration.framework in Frameworks */ = {isa = PBXBuildFile; fileRef = 4EAC4B8D17AE6869004A8E95 /* SystemConfiguration.framework */; };
		4EAC4B9017AE6874004A8E95 /* Security.framework in Frameworks */ = {isa = PBXBuildFile; fileRef = 4EAC4B8F17AE6874004A8E95 /* Security.framework */; };
		4EAC4B9417AE695C004A8E95 /* MobileCoreServices.framework in Frameworks */ = {isa = PBXBuildFile; fileRef = 4EAC4B9317AE695C004A8E95 /* MobileCoreServices.framework */; };
		4EAC4BA217AE71BF004A8E95 /* AppDelegateHelper.m in Sources */ = {isa = PBXBuildFile; fileRef = 4EAC4B9E17AE71BF004A8E95 /* AppDelegateHelper.m */; };
		4EAC4BA317AE71BF004A8E95 /* AFAppDotNetAPIClient.m in Sources */ = {isa = PBXBuildFile; fileRef = 4EAC4BA117AE71BF004A8E95 /* AFAppDotNetAPIClient.m */; };
		4EAC4BC017AE7395004A8E95 /* CBFileWatcher.m in Sources */ = {isa = PBXBuildFile; fileRef = 4EAC4BA617AE7395004A8E95 /* CBFileWatcher.m */; };
		4EAC4BC117AE7395004A8E95 /* CBIntrospect.m in Sources */ = {isa = PBXBuildFile; fileRef = 4EAC4BA817AE7395004A8E95 /* CBIntrospect.m */; };
		4EAC4BC217AE7395004A8E95 /* DCCrossHairView.m in Sources */ = {isa = PBXBuildFile; fileRef = 4EAC4BAC17AE7395004A8E95 /* DCCrossHairView.m */; };
		4EAC4BC317AE7395004A8E95 /* DCFrameView.m in Sources */ = {isa = PBXBuildFile; fileRef = 4EAC4BAE17AE7395004A8E95 /* DCFrameView.m */; };
		4EAC4BC417AE7395004A8E95 /* DCIntrospect.m in Sources */ = {isa = PBXBuildFile; fileRef = 4EAC4BB017AE7395004A8E95 /* DCIntrospect.m */; };
		4EAC4BC517AE7395004A8E95 /* DCStatusBarOverlay.m in Sources */ = {isa = PBXBuildFile; fileRef = 4EAC4BB317AE7395004A8E95 /* DCStatusBarOverlay.m */; };
		4EAC4BC617AE7395004A8E95 /* DCUtility.m in Sources */ = {isa = PBXBuildFile; fileRef = 4EAC4BB517AE7395004A8E95 /* DCUtility.m */; };
		4EAC4BC717AE7395004A8E95 /* DLInvocationResult.m in Sources */ = {isa = PBXBuildFile; fileRef = 4EAC4BB717AE7395004A8E95 /* DLInvocationResult.m */; };
		4EAC4BC817AE7395004A8E95 /* DLStatementParser.m in Sources */ = {isa = PBXBuildFile; fileRef = 4EAC4BB917AE7395004A8E95 /* DLStatementParser.m */; };
		4EAC4BC917AE7395004A8E95 /* NSObject+JSON.m in Sources */ = {isa = PBXBuildFile; fileRef = 4EAC4BBB17AE7395004A8E95 /* NSObject+JSON.m */; };
		4EAC4BCA17AE7395004A8E95 /* UIView+Introspector.m in Sources */ = {isa = PBXBuildFile; fileRef = 4EAC4BBD17AE7395004A8E95 /* UIView+Introspector.m */; };
		4EAC4BCB17AE7395004A8E95 /* UIWindow+Introspector.m in Sources */ = {isa = PBXBuildFile; fileRef = 4EAC4BBF17AE7395004A8E95 /* UIWindow+Introspector.m */; };
		4EAC4BCD17AE73AD004A8E95 /* QuartzCore.framework in Frameworks */ = {isa = PBXBuildFile; fileRef = 4EAC4BCC17AE73AD004A8E95 /* QuartzCore.framework */; };
		4EBB1ACD17ACBB0D0080ED23 /* UIKit.framework in Frameworks */ = {isa = PBXBuildFile; fileRef = 4EBB1ACC17ACBB0D0080ED23 /* UIKit.framework */; };
		4EBB1ACF17ACBB0D0080ED23 /* Foundation.framework in Frameworks */ = {isa = PBXBuildFile; fileRef = 4EBB1ACE17ACBB0D0080ED23 /* Foundation.framework */; };
		4EBB1AD117ACBB0D0080ED23 /* CoreGraphics.framework in Frameworks */ = {isa = PBXBuildFile; fileRef = 4EBB1AD017ACBB0D0080ED23 /* CoreGraphics.framework */; };
		4EBB1AD717ACBB0D0080ED23 /* InfoPlist.strings in Resources */ = {isa = PBXBuildFile; fileRef = 4EBB1AD517ACBB0D0080ED23 /* InfoPlist.strings */; };
		4EBB1AD917ACBB0D0080ED23 /* main.m in Sources */ = {isa = PBXBuildFile; fileRef = 4EBB1AD817ACBB0D0080ED23 /* main.m */; };
		4EBB1ADD17ACBB0D0080ED23 /* AppDelegate.m in Sources */ = {isa = PBXBuildFile; fileRef = 4EBB1ADC17ACBB0D0080ED23 /* AppDelegate.m */; };
		4EBB1ADF17ACBB0D0080ED23 /* Default.png in Resources */ = {isa = PBXBuildFile; fileRef = 4EBB1ADE17ACBB0D0080ED23 /* Default.png */; };
		4EBB1AE117ACBB0D0080ED23 /* Default@2x.png in Resources */ = {isa = PBXBuildFile; fileRef = 4EBB1AE017ACBB0D0080ED23 /* Default@2x.png */; };
		4EBB1AE317ACBB0D0080ED23 /* Default-568h@2x.png in Resources */ = {isa = PBXBuildFile; fileRef = 4EBB1AE217ACBB0D0080ED23 /* Default-568h@2x.png */; };
		4EBB1AE617ACBB0D0080ED23 /* ViewController.m in Sources */ = {isa = PBXBuildFile; fileRef = 4EBB1AE517ACBB0D0080ED23 /* ViewController.m */; };
		4EBB1AE917ACBB0D0080ED23 /* ViewController_iPhone.xib in Resources */ = {isa = PBXBuildFile; fileRef = 4EBB1AE717ACBB0D0080ED23 /* ViewController_iPhone.xib */; };
		4EBB1AEC17ACBB0D0080ED23 /* ViewController_iPad.xib in Resources */ = {isa = PBXBuildFile; fileRef = 4EBB1AEA17ACBB0D0080ED23 /* ViewController_iPad.xib */; };
		4EBB1AF417ACBB0D0080ED23 /* SenTestingKit.framework in Frameworks */ = {isa = PBXBuildFile; fileRef = 4EBB1AF317ACBB0D0080ED23 /* SenTestingKit.framework */; };
		4EBB1AF517ACBB0D0080ED23 /* UIKit.framework in Frameworks */ = {isa = PBXBuildFile; fileRef = 4EBB1ACC17ACBB0D0080ED23 /* UIKit.framework */; };
		4EBB1AF617ACBB0D0080ED23 /* Foundation.framework in Frameworks */ = {isa = PBXBuildFile; fileRef = 4EBB1ACE17ACBB0D0080ED23 /* Foundation.framework */; };
		4EBB1AFE17ACBB0D0080ED23 /* InfoPlist.strings in Resources */ = {isa = PBXBuildFile; fileRef = 4EBB1AFC17ACBB0D0080ED23 /* InfoPlist.strings */; };
		4EBB1B0117ACBB0D0080ED23 /* ArchitectureTests.m in Sources */ = {isa = PBXBuildFile; fileRef = 4EBB1B0017ACBB0D0080ED23 /* ArchitectureTests.m */; };
		4ECD3F6817AE2F9C003B9B42 /* NSString+Category.m in Sources */ = {isa = PBXBuildFile; fileRef = 4ECD3F6717AE2F9C003B9B42 /* NSString+Category.m */; };
		4ECD3F7217AE3719003B9B42 /* RegularVerification.m in Sources */ = {isa = PBXBuildFile; fileRef = 4ECD3F7017AE366F003B9B42 /* RegularVerification.m */; };
		4ECD3F7917AE466A003B9B42 /* iPad_View in Resources */ = {isa = PBXBuildFile; fileRef = 4ECD3F7817AE466A003B9B42 /* iPad_View */; };
		4ECD3F7B17AE4680003B9B42 /* iPhone_View in Resources */ = {isa = PBXBuildFile; fileRef = 4ECD3F7A17AE4680003B9B42 /* iPhone_View */; };
		4ECD3F7D17AE46BF003B9B42 /* iPad_Resource in Resources */ = {isa = PBXBuildFile; fileRef = 4ECD3F7C17AE46BF003B9B42 /* iPad_Resource */; };
		4ECD3F7F17AE46CA003B9B42 /* iPhone_Resource in Resources */ = {isa = PBXBuildFile; fileRef = 4ECD3F7E17AE46CA003B9B42 /* iPhone_Resource */; };
/* End PBXBuildFile section */

/* Begin PBXContainerItemProxy section */
		4EBB1AF717ACBB0D0080ED23 /* PBXContainerItemProxy */ = {
			isa = PBXContainerItemProxy;
			containerPortal = 4EBB1AC117ACBB0D0080ED23 /* Project object */;
			proxyType = 1;
			remoteGlobalIDString = 4EBB1AC817ACBB0D0080ED23;
			remoteInfo = Architecture;
		};
/* End PBXContainerItemProxy section */

/* Begin PBXFileReference section */
		4E8A3D5E17ACC45500F49E8D /* DefineImport.h */ = {isa = PBXFileReference; lastKnownFileType = sourcecode.c.h; path = DefineImport.h; sourceTree = "<group>"; };
		4E8A3D6217ACCD6200F49E8D /* AppConfigManage.h */ = {isa = PBXFileReference; lastKnownFileType = sourcecode.c.h; path = AppConfigManage.h; sourceTree = "<group>"; };
		4E8A3D6317ACDC9100F49E8D /* RequestAddressManage.h */ = {isa = PBXFileReference; lastKnownFileType = sourcecode.c.h; path = RequestAddressManage.h; sourceTree = "<group>"; };
		4E8A3D6417ACE36B00F49E8D /* Singleton.h */ = {isa = PBXFileReference; lastKnownFileType = sourcecode.c.h; path = Singleton.h; sourceTree = "<group>"; };
		4E8A3D7017ACF37400F49E8D /* OpenUDID.h */ = {isa = PBXFileReference; fileEncoding = 4; lastKnownFileType = sourcecode.c.h; path = OpenUDID.h; sourceTree = "<group>"; };
		4E8A3D7117ACF37400F49E8D /* OpenUDID.m */ = {isa = PBXFileReference; fileEncoding = 4; lastKnownFileType = sourcecode.c.objc; path = OpenUDID.m; sourceTree = "<group>"; };
		4E8A3D7317ACF65900F49E8D /* Vendor.h */ = {isa = PBXFileReference; lastKnownFileType = sourcecode.c.h; path = Vendor.h; sourceTree = "<group>"; };
		4E8A3D7817AD07C400F49E8D /* UIDevice+SystemInfo.h */ = {isa = PBXFileReference; fileEncoding = 4; lastKnownFileType = sourcecode.c.h; path = "UIDevice+SystemInfo.h"; sourceTree = "<group>"; };
		4E8A3D7917AD07C400F49E8D /* UIDevice+SystemInfo.m */ = {isa = PBXFileReference; fileEncoding = 4; lastKnownFileType = sourcecode.c.objc; path = "UIDevice+SystemInfo.m"; sourceTree = "<group>"; };
		4E8A3D8017AD097100F49E8D /* GaryPersonalLog.h */ = {isa = PBXFileReference; fileEncoding = 4; lastKnownFileType = sourcecode.c.h; path = GaryPersonalLog.h; sourceTree = "<group>"; };
		4E8A3D8117AD097100F49E8D /* GaryPersonalLog.m */ = {isa = PBXFileReference; fileEncoding = 4; lastKnownFileType = sourcecode.c.objc; path = GaryPersonalLog.m; sourceTree = "<group>"; };
		4E8A3D8317AD0A7800F49E8D /* CategoryManage.h */ = {isa = PBXFileReference; lastKnownFileType = sourcecode.c.h; path = CategoryManage.h; sourceTree = "<group>"; };
		4E8A3D8B17AE1A9500F49E8D /* UIColor+Colours.h */ = {isa = PBXFileReference; fileEncoding = 4; lastKnownFileType = sourcecode.c.h; path = "UIColor+Colours.h"; sourceTree = "<group>"; };
		4E8A3D8C17AE1A9500F49E8D /* UIColor+Colours.m */ = {isa = PBXFileReference; fileEncoding = 4; lastKnownFileType = sourcecode.c.objc; path = "UIColor+Colours.m"; sourceTree = "<group>"; };
		4EAC4B7117AE6715004A8E95 /* AFHTTPClient.h */ = {isa = PBXFileReference; fileEncoding = 4; lastKnownFileType = sourcecode.c.h; path = AFHTTPClient.h; sourceTree = "<group>"; };
		4EAC4B7217AE6715004A8E95 /* AFHTTPClient.m */ = {isa = PBXFileReference; fileEncoding = 4; lastKnownFileType = sourcecode.c.objc; path = AFHTTPClient.m; sourceTree = "<group>"; };
		4EAC4B7317AE6715004A8E95 /* AFHTTPRequestOperation.h */ = {isa = PBXFileReference; fileEncoding = 4; lastKnownFileType = sourcecode.c.h; path = AFHTTPRequestOperation.h; sourceTree = "<group>"; };
		4EAC4B7417AE6715004A8E95 /* AFHTTPRequestOperation.m */ = {isa = PBXFileReference; fileEncoding = 4; lastKnownFileType = sourcecode.c.objc; path = AFHTTPRequestOperation.m; sourceTree = "<group>"; };
		4EAC4B7517AE6715004A8E95 /* AFImageRequestOperation.h */ = {isa = PBXFileReference; fileEncoding = 4; lastKnownFileType = sourcecode.c.h; path = AFImageRequestOperation.h; sourceTree = "<group>"; };
		4EAC4B7617AE6715004A8E95 /* AFImageRequestOperation.m */ = {isa = PBXFileReference; fileEncoding = 4; lastKnownFileType = sourcecode.c.objc; path = AFImageRequestOperation.m; sourceTree = "<group>"; };
		4EAC4B7717AE6715004A8E95 /* AFJSONRequestOperation.h */ = {isa = PBXFileReference; fileEncoding = 4; lastKnownFileType = sourcecode.c.h; path = AFJSONRequestOperation.h; sourceTree = "<group>"; };
		4EAC4B7817AE6715004A8E95 /* AFJSONRequestOperation.m */ = {isa = PBXFileReference; fileEncoding = 4; lastKnownFileType = sourcecode.c.objc; path = AFJSONRequestOperation.m; sourceTree = "<group>"; };
		4EAC4B7917AE6715004A8E95 /* AFNetworkActivityIndicatorManager.h */ = {isa = PBXFileReference; fileEncoding = 4; lastKnownFileType = sourcecode.c.h; path = AFNetworkActivityIndicatorManager.h; sourceTree = "<group>"; };
		4EAC4B7A17AE6715004A8E95 /* AFNetworkActivityIndicatorManager.m */ = {isa = PBXFileReference; fileEncoding = 4; lastKnownFileType = sourcecode.c.objc; path = AFNetworkActivityIndicatorManager.m; sourceTree = "<group>"; };
		4EAC4B7B17AE6715004A8E95 /* AFNetworking.h */ = {isa = PBXFileReference; fileEncoding = 4; lastKnownFileType = sourcecode.c.h; path = AFNetworking.h; sourceTree = "<group>"; };
		4EAC4B7C17AE6715004A8E95 /* AFPropertyListRequestOperation.h */ = {isa = PBXFileReference; fileEncoding = 4; lastKnownFileType = sourcecode.c.h; path = AFPropertyListRequestOperation.h; sourceTree = "<group>"; };
		4EAC4B7D17AE6715004A8E95 /* AFPropertyListRequestOperation.m */ = {isa = PBXFileReference; fileEncoding = 4; lastKnownFileType = sourcecode.c.objc; path = AFPropertyListRequestOperation.m; sourceTree = "<group>"; };
		4EAC4B7E17AE6715004A8E95 /* AFURLConnectionOperation.h */ = {isa = PBXFileReference; fileEncoding = 4; lastKnownFileType = sourcecode.c.h; path = AFURLConnectionOperation.h; sourceTree = "<group>"; };
		4EAC4B7F17AE6715004A8E95 /* AFURLConnectionOperation.m */ = {isa = PBXFileReference; fileEncoding = 4; lastKnownFileType = sourcecode.c.objc; path = AFURLConnectionOperation.m; sourceTree = "<group>"; };
		4EAC4B8017AE6715004A8E95 /* AFXMLRequestOperation.h */ = {isa = PBXFileReference; fileEncoding = 4; lastKnownFileType = sourcecode.c.h; path = AFXMLRequestOperation.h; sourceTree = "<group>"; };
		4EAC4B8117AE6715004A8E95 /* AFXMLRequestOperation.m */ = {isa = PBXFileReference; fileEncoding = 4; lastKnownFileType = sourcecode.c.objc; path = AFXMLRequestOperation.m; sourceTree = "<group>"; };
		4EAC4B8217AE6715004A8E95 /* UIImageView+AFNetworking.h */ = {isa = PBXFileReference; fileEncoding = 4; lastKnownFileType = sourcecode.c.h; path = "UIImageView+AFNetworking.h"; sourceTree = "<group>"; };
		4EAC4B8317AE6715004A8E95 /* UIImageView+AFNetworking.m */ = {isa = PBXFileReference; fileEncoding = 4; lastKnownFileType = sourcecode.c.objc; path = "UIImageView+AFNetworking.m"; sourceTree = "<group>"; };
		4EAC4B8D17AE6869004A8E95 /* SystemConfiguration.framework */ = {isa = PBXFileReference; lastKnownFileType = wrapper.framework; name = SystemConfiguration.framework; path = System/Library/Frameworks/SystemConfiguration.framework; sourceTree = SDKROOT; };
		4EAC4B8F17AE6874004A8E95 /* Security.framework */ = {isa = PBXFileReference; lastKnownFileType = wrapper.framework; name = Security.framework; path = System/Library/Frameworks/Security.framework; sourceTree = SDKROOT; };
		4EAC4B9317AE695C004A8E95 /* MobileCoreServices.framework */ = {isa = PBXFileReference; lastKnownFileType = wrapper.framework; name = MobileCoreServices.framework; path = System/Library/Frameworks/MobileCoreServices.framework; sourceTree = SDKROOT; };
		4EAC4B9D17AE71BF004A8E95 /* AppDelegateHelper.h */ = {isa = PBXFileReference; fileEncoding = 4; lastKnownFileType = sourcecode.c.h; path = AppDelegateHelper.h; sourceTree = "<group>"; };
		4EAC4B9E17AE71BF004A8E95 /* AppDelegateHelper.m */ = {isa = PBXFileReference; fileEncoding = 4; lastKnownFileType = sourcecode.c.objc; path = AppDelegateHelper.m; sourceTree = "<group>"; };
		4EAC4BA017AE71BF004A8E95 /* AFAppDotNetAPIClient.h */ = {isa = PBXFileReference; fileEncoding = 4; lastKnownFileType = sourcecode.c.h; path = AFAppDotNetAPIClient.h; sourceTree = "<group>"; };
		4EAC4BA117AE71BF004A8E95 /* AFAppDotNetAPIClient.m */ = {isa = PBXFileReference; fileEncoding = 4; lastKnownFileType = sourcecode.c.objc; path = AFAppDotNetAPIClient.m; sourceTree = "<group>"; };
		4EAC4BA517AE7395004A8E95 /* CBFileWatcher.h */ = {isa = PBXFileReference; fileEncoding = 4; lastKnownFileType = sourcecode.c.h; path = CBFileWatcher.h; sourceTree = "<group>"; };
		4EAC4BA617AE7395004A8E95 /* CBFileWatcher.m */ = {isa = PBXFileReference; fileEncoding = 4; lastKnownFileType = sourcecode.c.objc; path = CBFileWatcher.m; sourceTree = "<group>"; };
		4EAC4BA717AE7395004A8E95 /* CBIntrospect.h */ = {isa = PBXFileReference; fileEncoding = 4; lastKnownFileType = sourcecode.c.h; path = CBIntrospect.h; sourceTree = "<group>"; };
		4EAC4BA817AE7395004A8E95 /* CBIntrospect.m */ = {isa = PBXFileReference; fileEncoding = 4; lastKnownFileType = sourcecode.c.objc; path = CBIntrospect.m; sourceTree = "<group>"; };
		4EAC4BA917AE7395004A8E95 /* CBIntrospectConstants.h */ = {isa = PBXFileReference; fileEncoding = 4; lastKnownFileType = sourcecode.c.h; path = CBIntrospectConstants.h; sourceTree = "<group>"; };
		4EAC4BAA17AE7395004A8E95 /* CBMacros.h */ = {isa = PBXFileReference; fileEncoding = 4; lastKnownFileType = sourcecode.c.h; path = CBMacros.h; sourceTree = "<group>"; };
		4EAC4BAB17AE7395004A8E95 /* DCCrossHairView.h */ = {isa = PBXFileReference; fileEncoding = 4; lastKnownFileType = sourcecode.c.h; path = DCCrossHairView.h; sourceTree = "<group>"; };
		4EAC4BAC17AE7395004A8E95 /* DCCrossHairView.m */ = {isa = PBXFileReference; fileEncoding = 4; lastKnownFileType = sourcecode.c.objc; path = DCCrossHairView.m; sourceTree = "<group>"; };
		4EAC4BAD17AE7395004A8E95 /* DCFrameView.h */ = {isa = PBXFileReference; fileEncoding = 4; lastKnownFileType = sourcecode.c.h; path = DCFrameView.h; sourceTree = "<group>"; };
		4EAC4BAE17AE7395004A8E95 /* DCFrameView.m */ = {isa = PBXFileReference; fileEncoding = 4; lastKnownFileType = sourcecode.c.objc; path = DCFrameView.m; sourceTree = "<group>"; };
		4EAC4BAF17AE7395004A8E95 /* DCIntrospect.h */ = {isa = PBXFileReference; fileEncoding = 4; lastKnownFileType = sourcecode.c.h; path = DCIntrospect.h; sourceTree = "<group>"; };
		4EAC4BB017AE7395004A8E95 /* DCIntrospect.m */ = {isa = PBXFileReference; fileEncoding = 4; lastKnownFileType = sourcecode.c.objc; path = DCIntrospect.m; sourceTree = "<group>"; };
		4EAC4BB117AE7395004A8E95 /* DCIntrospectSettings.h */ = {isa = PBXFileReference; fileEncoding = 4; lastKnownFileType = sourcecode.c.h; path = DCIntrospectSettings.h; sourceTree = "<group>"; };
		4EAC4BB217AE7395004A8E95 /* DCStatusBarOverlay.h */ = {isa = PBXFileReference; fileEncoding = 4; lastKnownFileType = sourcecode.c.h; path = DCStatusBarOverlay.h; sourceTree = "<group>"; };
		4EAC4BB317AE7395004A8E95 /* DCStatusBarOverlay.m */ = {isa = PBXFileReference; fileEncoding = 4; lastKnownFileType = sourcecode.c.objc; path = DCStatusBarOverlay.m; sourceTree = "<group>"; };
		4EAC4BB417AE7395004A8E95 /* DCUtility.h */ = {isa = PBXFileReference; fileEncoding = 4; lastKnownFileType = sourcecode.c.h; path = DCUtility.h; sourceTree = "<group>"; };
		4EAC4BB517AE7395004A8E95 /* DCUtility.m */ = {isa = PBXFileReference; fileEncoding = 4; lastKnownFileType = sourcecode.c.objc; path = DCUtility.m; sourceTree = "<group>"; };
		4EAC4BB617AE7395004A8E95 /* DLInvocationResult.h */ = {isa = PBXFileReference; fileEncoding = 4; lastKnownFileType = sourcecode.c.h; path = DLInvocationResult.h; sourceTree = "<group>"; };
		4EAC4BB717AE7395004A8E95 /* DLInvocationResult.m */ = {isa = PBXFileReference; fileEncoding = 4; lastKnownFileType = sourcecode.c.objc; path = DLInvocationResult.m; sourceTree = "<group>"; };
		4EAC4BB817AE7395004A8E95 /* DLStatementParser.h */ = {isa = PBXFileReference; fileEncoding = 4; lastKnownFileType = sourcecode.c.h; path = DLStatementParser.h; sourceTree = "<group>"; };
		4EAC4BB917AE7395004A8E95 /* DLStatementParser.m */ = {isa = PBXFileReference; fileEncoding = 4; lastKnownFileType = sourcecode.c.objc; path = DLStatementParser.m; sourceTree = "<group>"; };
		4EAC4BBA17AE7395004A8E95 /* NSObject+JSON.h */ = {isa = PBXFileReference; fileEncoding = 4; lastKnownFileType = sourcecode.c.h; path = "NSObject+JSON.h"; sourceTree = "<group>"; };
		4EAC4BBB17AE7395004A8E95 /* NSObject+JSON.m */ = {isa = PBXFileReference; fileEncoding = 4; lastKnownFileType = sourcecode.c.objc; path = "NSObject+JSON.m"; sourceTree = "<group>"; };
		4EAC4BBC17AE7395004A8E95 /* UIView+Introspector.h */ = {isa = PBXFileReference; fileEncoding = 4; lastKnownFileType = sourcecode.c.h; path = "UIView+Introspector.h"; sourceTree = "<group>"; };
		4EAC4BBD17AE7395004A8E95 /* UIView+Introspector.m */ = {isa = PBXFileReference; fileEncoding = 4; lastKnownFileType = sourcecode.c.objc; path = "UIView+Introspector.m"; sourceTree = "<group>"; };
		4EAC4BBE17AE7395004A8E95 /* UIWindow+Introspector.h */ = {isa = PBXFileReference; fileEncoding = 4; lastKnownFileType = sourcecode.c.h; path = "UIWindow+Introspector.h"; sourceTree = "<group>"; };
		4EAC4BBF17AE7395004A8E95 /* UIWindow+Introspector.m */ = {isa = PBXFileReference; fileEncoding = 4; lastKnownFileType = sourcecode.c.objc; path = "UIWindow+Introspector.m"; sourceTree = "<group>"; };
		4EAC4BCC17AE73AD004A8E95 /* QuartzCore.framework */ = {isa = PBXFileReference; lastKnownFileType = wrapper.framework; name = QuartzCore.framework; path = System/Library/Frameworks/QuartzCore.framework; sourceTree = SDKROOT; };
		4EBB1AC917ACBB0D0080ED23 /* Architecture.app */ = {isa = PBXFileReference; explicitFileType = wrapper.application; includeInIndex = 0; path = Architecture.app; sourceTree = BUILT_PRODUCTS_DIR; };
		4EBB1ACC17ACBB0D0080ED23 /* UIKit.framework */ = {isa = PBXFileReference; lastKnownFileType = wrapper.framework; name = UIKit.framework; path = System/Library/Frameworks/UIKit.framework; sourceTree = SDKROOT; };
		4EBB1ACE17ACBB0D0080ED23 /* Foundation.framework */ = {isa = PBXFileReference; lastKnownFileType = wrapper.framework; name = Foundation.framework; path = System/Library/Frameworks/Foundation.framework; sourceTree = SDKROOT; };
		4EBB1AD017ACBB0D0080ED23 /* CoreGraphics.framework */ = {isa = PBXFileReference; lastKnownFileType = wrapper.framework; name = CoreGraphics.framework; path = System/Library/Frameworks/CoreGraphics.framework; sourceTree = SDKROOT; };
		4EBB1AD417ACBB0D0080ED23 /* Architecture-Info.plist */ = {isa = PBXFileReference; lastKnownFileType = text.plist.xml; path = "Architecture-Info.plist"; sourceTree = "<group>"; };
		4EBB1AD617ACBB0D0080ED23 /* en */ = {isa = PBXFileReference; lastKnownFileType = text.plist.strings; name = en; path = en.lproj/InfoPlist.strings; sourceTree = "<group>"; };
		4EBB1AD817ACBB0D0080ED23 /* main.m */ = {isa = PBXFileReference; lastKnownFileType = sourcecode.c.objc; path = main.m; sourceTree = "<group>"; };
		4EBB1ADA17ACBB0D0080ED23 /* Architecture-Prefix.pch */ = {isa = PBXFileReference; lastKnownFileType = sourcecode.c.h; path = "Architecture-Prefix.pch"; sourceTree = "<group>"; };
		4EBB1ADB17ACBB0D0080ED23 /* AppDelegate.h */ = {isa = PBXFileReference; lastKnownFileType = sourcecode.c.h; path = AppDelegate.h; sourceTree = "<group>"; };
		4EBB1ADC17ACBB0D0080ED23 /* AppDelegate.m */ = {isa = PBXFileReference; lastKnownFileType = sourcecode.c.objc; path = AppDelegate.m; sourceTree = "<group>"; };
		4EBB1ADE17ACBB0D0080ED23 /* Default.png */ = {isa = PBXFileReference; lastKnownFileType = image.png; path = Default.png; sourceTree = "<group>"; };
		4EBB1AE017ACBB0D0080ED23 /* Default@2x.png */ = {isa = PBXFileReference; lastKnownFileType = image.png; path = "Default@2x.png"; sourceTree = "<group>"; };
		4EBB1AE217ACBB0D0080ED23 /* Default-568h@2x.png */ = {isa = PBXFileReference; lastKnownFileType = image.png; path = "Default-568h@2x.png"; sourceTree = "<group>"; };
		4EBB1AE417ACBB0D0080ED23 /* ViewController.h */ = {isa = PBXFileReference; lastKnownFileType = sourcecode.c.h; path = ViewController.h; sourceTree = "<group>"; };
		4EBB1AE517ACBB0D0080ED23 /* ViewController.m */ = {isa = PBXFileReference; lastKnownFileType = sourcecode.c.objc; path = ViewController.m; sourceTree = "<group>"; };
		4EBB1AE817ACBB0D0080ED23 /* en */ = {isa = PBXFileReference; lastKnownFileType = file.xib; name = en; path = en.lproj/ViewController_iPhone.xib; sourceTree = "<group>"; };
		4EBB1AEB17ACBB0D0080ED23 /* en */ = {isa = PBXFileReference; lastKnownFileType = file.xib; name = en; path = en.lproj/ViewController_iPad.xib; sourceTree = "<group>"; };
		4EBB1AF217ACBB0D0080ED23 /* ArchitectureTests.octest */ = {isa = PBXFileReference; explicitFileType = wrapper.cfbundle; includeInIndex = 0; path = ArchitectureTests.octest; sourceTree = BUILT_PRODUCTS_DIR; };
		4EBB1AF317ACBB0D0080ED23 /* SenTestingKit.framework */ = {isa = PBXFileReference; lastKnownFileType = wrapper.framework; name = SenTestingKit.framework; path = Library/Frameworks/SenTestingKit.framework; sourceTree = DEVELOPER_DIR; };
		4EBB1AFB17ACBB0D0080ED23 /* ArchitectureTests-Info.plist */ = {isa = PBXFileReference; lastKnownFileType = text.plist.xml; path = "ArchitectureTests-Info.plist"; sourceTree = "<group>"; };
		4EBB1AFD17ACBB0D0080ED23 /* en */ = {isa = PBXFileReference; lastKnownFileType = text.plist.strings; name = en; path = en.lproj/InfoPlist.strings; sourceTree = "<group>"; };
		4EBB1AFF17ACBB0D0080ED23 /* ArchitectureTests.h */ = {isa = PBXFileReference; lastKnownFileType = sourcecode.c.h; path = ArchitectureTests.h; sourceTree = "<group>"; };
		4EBB1B0017ACBB0D0080ED23 /* ArchitectureTests.m */ = {isa = PBXFileReference; lastKnownFileType = sourcecode.c.objc; path = ArchitectureTests.m; sourceTree = "<group>"; };
		4EBB1B0C17ACBC2E0080ED23 /* APIManage.h */ = {isa = PBXFileReference; lastKnownFileType = sourcecode.c.h; path = APIManage.h; sourceTree = "<group>"; };
		4ECD3F6617AE2F9C003B9B42 /* NSString+Category.h */ = {isa = PBXFileReference; fileEncoding = 4; lastKnownFileType = sourcecode.c.h; path = "NSString+Category.h"; sourceTree = "<group>"; };
		4ECD3F6717AE2F9C003B9B42 /* NSString+Category.m */ = {isa = PBXFileReference; fileEncoding = 4; lastKnownFileType = sourcecode.c.objc; path = "NSString+Category.m"; sourceTree = "<group>"; };
		4ECD3F6917AE3269003B9B42 /* ShorthandMethodManage.h */ = {isa = PBXFileReference; lastKnownFileType = sourcecode.c.h; path = ShorthandMethodManage.h; sourceTree = "<group>"; };
		4ECD3F6F17AE366F003B9B42 /* RegularVerification.h */ = {isa = PBXFileReference; fileEncoding = 4; lastKnownFileType = sourcecode.c.h; path = RegularVerification.h; sourceTree = "<group>"; };
		4ECD3F7017AE366F003B9B42 /* RegularVerification.m */ = {isa = PBXFileReference; fileEncoding = 4; lastKnownFileType = sourcecode.c.objc; path = RegularVerification.m; sourceTree = "<group>"; };
		4ECD3F7817AE466A003B9B42 /* iPad_View */ = {isa = PBXFileReference; fileEncoding = 4; lastKnownFileType = text; path = iPad_View; sourceTree = "<group>"; };
		4ECD3F7A17AE4680003B9B42 /* iPhone_View */ = {isa = PBXFileReference; fileEncoding = 4; lastKnownFileType = text; path = iPhone_View; sourceTree = "<group>"; };
		4ECD3F7C17AE46BF003B9B42 /* iPad_Resource */ = {isa = PBXFileReference; fileEncoding = 4; lastKnownFileType = text; path = iPad_Resource; sourceTree = "<group>"; };
		4ECD3F7E17AE46CA003B9B42 /* iPhone_Resource */ = {isa = PBXFileReference; fileEncoding = 4; lastKnownFileType = text; path = iPhone_Resource; sourceTree = "<group>"; };
/* End PBXFileReference section */

/* Begin PBXFrameworksBuildPhase section */
		4EBB1AC617ACBB0D0080ED23 /* Frameworks */ = {
			isa = PBXFrameworksBuildPhase;
			buildActionMask = 2147483647;
			files = (
				4EAC4BCD17AE73AD004A8E95 /* QuartzCore.framework in Frameworks */,
				4EAC4B9417AE695C004A8E95 /* MobileCoreServices.framework in Frameworks */,
				4EAC4B9017AE6874004A8E95 /* Security.framework in Frameworks */,
				4EAC4B8E17AE686A004A8E95 /* SystemConfiguration.framework in Frameworks */,
				4EBB1ACD17ACBB0D0080ED23 /* UIKit.framework in Frameworks */,
				4EBB1ACF17ACBB0D0080ED23 /* Foundation.framework in Frameworks */,
				4EBB1AD117ACBB0D0080ED23 /* CoreGraphics.framework in Frameworks */,
			);
			runOnlyForDeploymentPostprocessing = 0;
		};
		4EBB1AEE17ACBB0D0080ED23 /* Frameworks */ = {
			isa = PBXFrameworksBuildPhase;
			buildActionMask = 2147483647;
			files = (
				4EBB1AF417ACBB0D0080ED23 /* SenTestingKit.framework in Frameworks */,
				4EBB1AF517ACBB0D0080ED23 /* UIKit.framework in Frameworks */,
				4EBB1AF617ACBB0D0080ED23 /* Foundation.framework in Frameworks */,
			);
			runOnlyForDeploymentPostprocessing = 0;
		};
/* End PBXFrameworksBuildPhase section */

/* Begin PBXGroup section */
		4E8A3D5D17ACC42E00F49E8D /* DefineImportManager */ = {
			isa = PBXGroup;
			children = (
				4E8A3D5E17ACC45500F49E8D /* DefineImport.h */,
			);
			path = DefineImportManager;
			sourceTree = "<group>";
		};
		4E8A3D6D17ACF33100F49E8D /* Library */ = {
			isa = PBXGroup;
			children = (
				4EAC4B5017AE5C34004A8E95 /* NetWork */,
				4E8A3D6E17ACF36100F49E8D /* Device */,
				4E8A3D7317ACF65900F49E8D /* Vendor.h */,
			);
			path = Library;
			sourceTree = "<group>";
		};
		4E8A3D6E17ACF36100F49E8D /* Device */ = {
			isa = PBXGroup;
			children = (
				4E8A3D6F17ACF37400F49E8D /* OpenUDID */,
			);
			path = Device;
			sourceTree = "<group>";
		};
		4E8A3D6F17ACF37400F49E8D /* OpenUDID */ = {
			isa = PBXGroup;
			children = (
				4E8A3D7017ACF37400F49E8D /* OpenUDID.h */,
				4E8A3D7117ACF37400F49E8D /* OpenUDID.m */,
			);
			path = OpenUDID;
			sourceTree = "<group>";
		};
		4E8A3D7717AD07A800F49E8D /* Category */ = {
			isa = PBXGroup;
			children = (
				4E8A3D8317AD0A7800F49E8D /* CategoryManage.h */,
				4E8A3D7817AD07C400F49E8D /* UIDevice+SystemInfo.h */,
				4E8A3D7917AD07C400F49E8D /* UIDevice+SystemInfo.m */,
				4E8A3D8B17AE1A9500F49E8D /* UIColor+Colours.h */,
				4E8A3D8C17AE1A9500F49E8D /* UIColor+Colours.m */,
				4ECD3F6617AE2F9C003B9B42 /* NSString+Category.h */,
				4ECD3F6717AE2F9C003B9B42 /* NSString+Category.m */,
			);
			path = Category;
			sourceTree = "<group>";
		};
		4E8A3D7F17AD097000F49E8D /* GaryPersonaManage */ = {
			isa = PBXGroup;
			children = (
				4E8A3D8017AD097100F49E8D /* GaryPersonalLog.h */,
				4E8A3D8117AD097100F49E8D /* GaryPersonalLog.m */,
			);
			path = GaryPersonaManage;
			sourceTree = "<group>";
		};
		4E8A3D8417AD0F8E00F49E8D /* Resource */ = {
			isa = PBXGroup;
			children = (
				4E8A3D8517AD0F8E00F49E8D /* iPad_Resource */,
				4E8A3D8617AD0F8E00F49E8D /* iPhone_Resource */,
			);
			path = Resource;
			sourceTree = "<group>";
		};
		4E8A3D8517AD0F8E00F49E8D /* iPad_Resource */ = {
			isa = PBXGroup;
			children = (
				4ECD3F7C17AE46BF003B9B42 /* iPad_Resource */,
			);
			path = iPad_Resource;
			sourceTree = "<group>";
		};
		4E8A3D8617AD0F8E00F49E8D /* iPhone_Resource */ = {
			isa = PBXGroup;
			children = (
				4ECD3F7E17AE46CA003B9B42 /* iPhone_Resource */,
			);
			path = iPhone_Resource;
			sourceTree = "<group>";
		};
		4E8A3D8717AD0FC400F49E8D /* iPad_View */ = {
			isa = PBXGroup;
			children = (
				4ECD3F7817AE466A003B9B42 /* iPad_View */,
			);
			path = iPad_View;
			sourceTree = "<group>";
		};
		4E8A3D8817AD0FC400F49E8D /* iPhone_View */ = {
			isa = PBXGroup;
			children = (
				4ECD3F7A17AE4680003B9B42 /* iPhone_View */,
			);
			path = iPhone_View;
			sourceTree = "<group>";
		};
		4EAC4B5017AE5C34004A8E95 /* NetWork */ = {
			isa = PBXGroup;
			children = (
				4EAC4B7017AE6715004A8E95 /* AFNetworking */,
			);
			path = NetWork;
			sourceTree = "<group>";
		};
		4EAC4B7017AE6715004A8E95 /* AFNetworking */ = {
			isa = PBXGroup;
			children = (
				4EAC4B7117AE6715004A8E95 /* AFHTTPClient.h */,
				4EAC4B7217AE6715004A8E95 /* AFHTTPClient.m */,
				4EAC4B7317AE6715004A8E95 /* AFHTTPRequestOperation.h */,
				4EAC4B7417AE6715004A8E95 /* AFHTTPRequestOperation.m */,
				4EAC4B7517AE6715004A8E95 /* AFImageRequestOperation.h */,
				4EAC4B7617AE6715004A8E95 /* AFImageRequestOperation.m */,
				4EAC4B7717AE6715004A8E95 /* AFJSONRequestOperation.h */,
				4EAC4B7817AE6715004A8E95 /* AFJSONRequestOperation.m */,
				4EAC4B7917AE6715004A8E95 /* AFNetworkActivityIndicatorManager.h */,
				4EAC4B7A17AE6715004A8E95 /* AFNetworkActivityIndicatorManager.m */,
				4EAC4B7B17AE6715004A8E95 /* AFNetworking.h */,
				4EAC4B7C17AE6715004A8E95 /* AFPropertyListRequestOperation.h */,
				4EAC4B7D17AE6715004A8E95 /* AFPropertyListRequestOperation.m */,
				4EAC4B7E17AE6715004A8E95 /* AFURLConnectionOperation.h */,
				4EAC4B7F17AE6715004A8E95 /* AFURLConnectionOperation.m */,
				4EAC4B8017AE6715004A8E95 /* AFXMLRequestOperation.h */,
				4EAC4B8117AE6715004A8E95 /* AFXMLRequestOperation.m */,
				4EAC4B8217AE6715004A8E95 /* UIImageView+AFNetworking.h */,
				4EAC4B8317AE6715004A8E95 /* UIImageView+AFNetworking.m */,
			);
			path = AFNetworking;
			sourceTree = "<group>";
		};
		4EAC4B9B17AE71BF004A8E95 /* Helper */ = {
			isa = PBXGroup;
			children = (
				4EAC4B9C17AE71BF004A8E95 /* AppHelper */,
				4EAC4B9F17AE71BF004A8E95 /* NetWorkHelper */,
			);
			path = Helper;
			sourceTree = "<group>";
		};
		4EAC4B9C17AE71BF004A8E95 /* AppHelper */ = {
			isa = PBXGroup;
			children = (
				4EAC4B9D17AE71BF004A8E95 /* AppDelegateHelper.h */,
				4EAC4B9E17AE71BF004A8E95 /* AppDelegateHelper.m */,
			);
			path = AppHelper;
			sourceTree = "<group>";
		};
		4EAC4B9F17AE71BF004A8E95 /* NetWorkHelper */ = {
			isa = PBXGroup;
			children = (
				4EAC4BA017AE71BF004A8E95 /* AFAppDotNetAPIClient.h */,
				4EAC4BA117AE71BF004A8E95 /* AFAppDotNetAPIClient.m */,
			);
			path = NetWorkHelper;
			sourceTree = "<group>";
		};
		4EAC4BA417AE7395004A8E95 /* CBIntrospect */ = {
			isa = PBXGroup;
			children = (
				4EAC4BA517AE7395004A8E95 /* CBFileWatcher.h */,
				4EAC4BA617AE7395004A8E95 /* CBFileWatcher.m */,
				4EAC4BA717AE7395004A8E95 /* CBIntrospect.h */,
				4EAC4BA817AE7395004A8E95 /* CBIntrospect.m */,
				4EAC4BA917AE7395004A8E95 /* CBIntrospectConstants.h */,
				4EAC4BAA17AE7395004A8E95 /* CBMacros.h */,
				4EAC4BAB17AE7395004A8E95 /* DCCrossHairView.h */,
				4EAC4BAC17AE7395004A8E95 /* DCCrossHairView.m */,
				4EAC4BAD17AE7395004A8E95 /* DCFrameView.h */,
				4EAC4BAE17AE7395004A8E95 /* DCFrameView.m */,
				4EAC4BAF17AE7395004A8E95 /* DCIntrospect.h */,
				4EAC4BB017AE7395004A8E95 /* DCIntrospect.m */,
				4EAC4BB117AE7395004A8E95 /* DCIntrospectSettings.h */,
				4EAC4BB217AE7395004A8E95 /* DCStatusBarOverlay.h */,
				4EAC4BB317AE7395004A8E95 /* DCStatusBarOverlay.m */,
				4EAC4BB417AE7395004A8E95 /* DCUtility.h */,
				4EAC4BB517AE7395004A8E95 /* DCUtility.m */,
				4EAC4BB617AE7395004A8E95 /* DLInvocationResult.h */,
				4EAC4BB717AE7395004A8E95 /* DLInvocationResult.m */,
				4EAC4BB817AE7395004A8E95 /* DLStatementParser.h */,
				4EAC4BB917AE7395004A8E95 /* DLStatementParser.m */,
				4EAC4BBA17AE7395004A8E95 /* NSObject+JSON.h */,
				4EAC4BBB17AE7395004A8E95 /* NSObject+JSON.m */,
				4EAC4BBC17AE7395004A8E95 /* UIView+Introspector.h */,
				4EAC4BBD17AE7395004A8E95 /* UIView+Introspector.m */,
				4EAC4BBE17AE7395004A8E95 /* UIWindow+Introspector.h */,
				4EAC4BBF17AE7395004A8E95 /* UIWindow+Introspector.m */,
			);
			path = CBIntrospect;
			sourceTree = "<group>";
		};
		4EBB1AC017ACBB0D0080ED23 = {
			isa = PBXGroup;
			children = (
				4E8A3D6D17ACF33100F49E8D /* Library */,
				4E8A3D7717AD07A800F49E8D /* Category */,
				4EBB1AD217ACBB0D0080ED23 /* Architecture */,
				4EAC4B9B17AE71BF004A8E95 /* Helper */,
				4ECD3F6B17AE34ED003B9B42 /* Tool */,
				4E8A3D7F17AD097000F49E8D /* GaryPersonaManage */,
				4EBB1AF917ACBB0D0080ED23 /* ArchitectureTests */,
				4EBB1ACB17ACBB0D0080ED23 /* Frameworks */,
				4EBB1ACA17ACBB0D0080ED23 /* Products */,
			);
			sourceTree = "<group>";
		};
		4EBB1ACA17ACBB0D0080ED23 /* Products */ = {
			isa = PBXGroup;
			children = (
				4EBB1AC917ACBB0D0080ED23 /* Architecture.app */,
				4EBB1AF217ACBB0D0080ED23 /* ArchitectureTests.octest */,
			);
			name = Products;
			sourceTree = "<group>";
		};
		4EBB1ACB17ACBB0D0080ED23 /* Frameworks */ = {
			isa = PBXGroup;
			children = (
				4EAC4BCC17AE73AD004A8E95 /* QuartzCore.framework */,
				4EAC4B9317AE695C004A8E95 /* MobileCoreServices.framework */,
				4EAC4B8F17AE6874004A8E95 /* Security.framework */,
				4EAC4B8D17AE6869004A8E95 /* SystemConfiguration.framework */,
				4EBB1ACC17ACBB0D0080ED23 /* UIKit.framework */,
				4EBB1ACE17ACBB0D0080ED23 /* Foundation.framework */,
				4EBB1AD017ACBB0D0080ED23 /* CoreGraphics.framework */,
				4EBB1AF317ACBB0D0080ED23 /* SenTestingKit.framework */,
			);
			name = Frameworks;
			sourceTree = "<group>";
		};
		4EBB1AD217ACBB0D0080ED23 /* Architecture */ = {
			isa = PBXGroup;
			children = (
				4EBB1B0A17ACBBAD0080ED23 /* AppEngine */,
				4EBB1B0B17ACBBAD0080ED23 /* DefineManager */,
				4EBB1AE417ACBB0D0080ED23 /* ViewController.h */,
				4EBB1AE517ACBB0D0080ED23 /* ViewController.m */,
				4EBB1AE717ACBB0D0080ED23 /* ViewController_iPhone.xib */,
				4EBB1AEA17ACBB0D0080ED23 /* ViewController_iPad.xib */,
				4E8A3D8417AD0F8E00F49E8D /* Resource */,
				4EBB1AD317ACBB0D0080ED23 /* Supporting Files */,
			);
			path = Architecture;
			sourceTree = "<group>";
		};
		4EBB1AD317ACBB0D0080ED23 /* Supporting Files */ = {
			isa = PBXGroup;
			children = (
				4EBB1AD417ACBB0D0080ED23 /* Architecture-Info.plist */,
				4EBB1AD517ACBB0D0080ED23 /* InfoPlist.strings */,
				4EBB1AD817ACBB0D0080ED23 /* main.m */,
				4EBB1ADA17ACBB0D0080ED23 /* Architecture-Prefix.pch */,
				4EBB1ADE17ACBB0D0080ED23 /* Default.png */,
				4EBB1AE017ACBB0D0080ED23 /* Default@2x.png */,
				4EBB1AE217ACBB0D0080ED23 /* Default-568h@2x.png */,
			);
			name = "Supporting Files";
			sourceTree = "<group>";
		};
		4EBB1AF917ACBB0D0080ED23 /* ArchitectureTests */ = {
			isa = PBXGroup;
			children = (
				4EBB1AFF17ACBB0D0080ED23 /* ArchitectureTests.h */,
				4EBB1B0017ACBB0D0080ED23 /* ArchitectureTests.m */,
				4EBB1AFA17ACBB0D0080ED23 /* Supporting Files */,
			);
			path = ArchitectureTests;
			sourceTree = "<group>";
		};
		4EBB1AFA17ACBB0D0080ED23 /* Supporting Files */ = {
			isa = PBXGroup;
			children = (
				4EBB1AFB17ACBB0D0080ED23 /* ArchitectureTests-Info.plist */,
				4EBB1AFC17ACBB0D0080ED23 /* InfoPlist.strings */,
			);
			name = "Supporting Files";
			sourceTree = "<group>";
		};
		4EBB1B0A17ACBBAD0080ED23 /* AppEngine */ = {
			isa = PBXGroup;
			children = (
				4E8A3D8717AD0FC400F49E8D /* iPad_View */,
				4E8A3D8817AD0FC400F49E8D /* iPhone_View */,
				4EBB1ADB17ACBB0D0080ED23 /* AppDelegate.h */,
				4EBB1ADC17ACBB0D0080ED23 /* AppDelegate.m */,
			);
			path = AppEngine;
			sourceTree = "<group>";
		};
		4EBB1B0B17ACBBAD0080ED23 /* DefineManager */ = {
			isa = PBXGroup;
			children = (
				4E8A3D5D17ACC42E00F49E8D /* DefineImportManager */,
				4EBB1B0C17ACBC2E0080ED23 /* APIManage.h */,
				4E8A3D6317ACDC9100F49E8D /* RequestAddressManage.h */,
				4E8A3D6217ACCD6200F49E8D /* AppConfigManage.h */,
				4E8A3D6417ACE36B00F49E8D /* Singleton.h */,
				4ECD3F6917AE3269003B9B42 /* ShorthandMethodManage.h */,
			);
			path = DefineManager;
			sourceTree = "<group>";
		};
		4ECD3F6B17AE34ED003B9B42 /* Tool */ = {
			isa = PBXGroup;
			children = (
				4EAC4BA417AE7395004A8E95 /* CBIntrospect */,
				4ECD3F6F17AE366F003B9B42 /* RegularVerification.h */,
				4ECD3F7017AE366F003B9B42 /* RegularVerification.m */,
			);
			path = Tool;
			sourceTree = "<group>";
		};
/* End PBXGroup section */

/* Begin PBXNativeTarget section */
		4EBB1AC817ACBB0D0080ED23 /* Architecture */ = {
			isa = PBXNativeTarget;
			buildConfigurationList = 4EBB1B0417ACBB0D0080ED23 /* Build configuration list for PBXNativeTarget "Architecture" */;
			buildPhases = (
				4EBB1AC517ACBB0D0080ED23 /* Sources */,
				4EBB1AC617ACBB0D0080ED23 /* Frameworks */,
				4EBB1AC717ACBB0D0080ED23 /* Resources */,
			);
			buildRules = (
			);
			dependencies = (
			);
			name = Architecture;
			productName = Architecture;
			productReference = 4EBB1AC917ACBB0D0080ED23 /* Architecture.app */;
			productType = "com.apple.product-type.application";
		};
		4EBB1AF117ACBB0D0080ED23 /* ArchitectureTests */ = {
			isa = PBXNativeTarget;
			buildConfigurationList = 4EBB1B0717ACBB0D0080ED23 /* Build configuration list for PBXNativeTarget "ArchitectureTests" */;
			buildPhases = (
				4EBB1AED17ACBB0D0080ED23 /* Sources */,
				4EBB1AEE17ACBB0D0080ED23 /* Frameworks */,
				4EBB1AEF17ACBB0D0080ED23 /* Resources */,
				4EBB1AF017ACBB0D0080ED23 /* ShellScript */,
			);
			buildRules = (
			);
			dependencies = (
				4EBB1AF817ACBB0D0080ED23 /* PBXTargetDependency */,
			);
			name = ArchitectureTests;
			productName = ArchitectureTests;
			productReference = 4EBB1AF217ACBB0D0080ED23 /* ArchitectureTests.octest */;
			productType = "com.apple.product-type.bundle";
		};
/* End PBXNativeTarget section */

/* Begin PBXProject section */
		4EBB1AC117ACBB0D0080ED23 /* Project object */ = {
			isa = PBXProject;
			attributes = {
				LastUpgradeCheck = 0460;
				ORGANIZATIONNAME = Gary;
			};
			buildConfigurationList = 4EBB1AC417ACBB0D0080ED23 /* Build configuration list for PBXProject "Architecture" */;
			compatibilityVersion = "Xcode 3.2";
			developmentRegion = English;
			hasScannedForEncodings = 0;
			knownRegions = (
				en,
			);
			mainGroup = 4EBB1AC017ACBB0D0080ED23;
			productRefGroup = 4EBB1ACA17ACBB0D0080ED23 /* Products */;
			projectDirPath = "";
			projectRoot = "";
			targets = (
				4EBB1AC817ACBB0D0080ED23 /* Architecture */,
				4EBB1AF117ACBB0D0080ED23 /* ArchitectureTests */,
			);
		};
/* End PBXProject section */

/* Begin PBXResourcesBuildPhase section */
		4EBB1AC717ACBB0D0080ED23 /* Resources */ = {
			isa = PBXResourcesBuildPhase;
			buildActionMask = 2147483647;
			files = (
				4EBB1AD717ACBB0D0080ED23 /* InfoPlist.strings in Resources */,
				4EBB1ADF17ACBB0D0080ED23 /* Default.png in Resources */,
				4EBB1AE117ACBB0D0080ED23 /* Default@2x.png in Resources */,
				4EBB1AE317ACBB0D0080ED23 /* Default-568h@2x.png in Resources */,
				4EBB1AE917ACBB0D0080ED23 /* ViewController_iPhone.xib in Resources */,
				4EBB1AEC17ACBB0D0080ED23 /* ViewController_iPad.xib in Resources */,
				4ECD3F7917AE466A003B9B42 /* iPad_View in Resources */,
				4ECD3F7B17AE4680003B9B42 /* iPhone_View in Resources */,
				4ECD3F7D17AE46BF003B9B42 /* iPad_Resource in Resources */,
				4ECD3F7F17AE46CA003B9B42 /* iPhone_Resource in Resources */,
			);
			runOnlyForDeploymentPostprocessing = 0;
		};
		4EBB1AEF17ACBB0D0080ED23 /* Resources */ = {
			isa = PBXResourcesBuildPhase;
			buildActionMask = 2147483647;
			files = (
				4EBB1AFE17ACBB0D0080ED23 /* InfoPlist.strings in Resources */,
			);
			runOnlyForDeploymentPostprocessing = 0;
		};
/* End PBXResourcesBuildPhase section */

/* Begin PBXShellScriptBuildPhase section */
		4EBB1AF017ACBB0D0080ED23 /* ShellScript */ = {
			isa = PBXShellScriptBuildPhase;
			buildActionMask = 2147483647;
			files = (
			);
			inputPaths = (
			);
			outputPaths = (
			);
			runOnlyForDeploymentPostprocessing = 0;
			shellPath = /bin/sh;
			shellScript = "# Run the unit tests in this test bundle.\n\"${SYSTEM_DEVELOPER_DIR}/Tools/RunUnitTests\"\n";
		};
/* End PBXShellScriptBuildPhase section */

/* Begin PBXSourcesBuildPhase section */
		4EBB1AC517ACBB0D0080ED23 /* Sources */ = {
			isa = PBXSourcesBuildPhase;
			buildActionMask = 2147483647;
			files = (
				4EBB1AD917ACBB0D0080ED23 /* main.m in Sources */,
				4EBB1ADD17ACBB0D0080ED23 /* AppDelegate.m in Sources */,
				4EBB1AE617ACBB0D0080ED23 /* ViewController.m in Sources */,
				4E8A3D7217ACF37400F49E8D /* OpenUDID.m in Sources */,
				4E8A3D7A17AD07C400F49E8D /* UIDevice+SystemInfo.m in Sources */,
				4E8A3D8217AD097100F49E8D /* GaryPersonalLog.m in Sources */,
				4E8A3D8D17AE1A9500F49E8D /* UIColor+Colours.m in Sources */,
				4ECD3F6817AE2F9C003B9B42 /* NSString+Category.m in Sources */,
				4ECD3F7217AE3719003B9B42 /* RegularVerification.m in Sources */,
				4EAC4B8417AE6715004A8E95 /* AFHTTPClient.m in Sources */,
				4EAC4B8517AE6715004A8E95 /* AFHTTPRequestOperation.m in Sources */,
				4EAC4B8617AE6715004A8E95 /* AFImageRequestOperation.m in Sources */,
				4EAC4B8717AE6715004A8E95 /* AFJSONRequestOperation.m in Sources */,
				4EAC4B8817AE6715004A8E95 /* AFNetworkActivityIndicatorManager.m in Sources */,
				4EAC4B8917AE6715004A8E95 /* AFPropertyListRequestOperation.m in Sources */,
				4EAC4B8A17AE6715004A8E95 /* AFURLConnectionOperation.m in Sources */,
				4EAC4B8B17AE6715004A8E95 /* AFXMLRequestOperation.m in Sources */,
				4EAC4B8C17AE6715004A8E95 /* UIImageView+AFNetworking.m in Sources */,
				4EAC4BA217AE71BF004A8E95 /* AppDelegateHelper.m in Sources */,
				4EAC4BA317AE71BF004A8E95 /* AFAppDotNetAPIClient.m in Sources */,
				4EAC4BC017AE7395004A8E95 /* CBFileWatcher.m in Sources */,
				4EAC4BC117AE7395004A8E95 /* CBIntrospect.m in Sources */,
				4EAC4BC217AE7395004A8E95 /* DCCrossHairView.m in Sources */,
				4EAC4BC317AE7395004A8E95 /* DCFrameView.m in Sources */,
				4EAC4BC417AE7395004A8E95 /* DCIntrospect.m in Sources */,
				4EAC4BC517AE7395004A8E95 /* DCStatusBarOverlay.m in Sources */,
				4EAC4BC617AE7395004A8E95 /* DCUtility.m in Sources */,
				4EAC4BC717AE7395004A8E95 /* DLInvocationResult.m in Sources */,
				4EAC4BC817AE7395004A8E95 /* DLStatementParser.m in Sources */,
				4EAC4BC917AE7395004A8E95 /* NSObject+JSON.m in Sources */,
				4EAC4BCA17AE7395004A8E95 /* UIView+Introspector.m in Sources */,
				4EAC4BCB17AE7395004A8E95 /* UIWindow+Introspector.m in Sources */,
			);
			runOnlyForDeploymentPostprocessing = 0;
		};
		4EBB1AED17ACBB0D0080ED23 /* Sources */ = {
			isa = PBXSourcesBuildPhase;
			buildActionMask = 2147483647;
			files = (
				4EBB1B0117ACBB0D0080ED23 /* ArchitectureTests.m in Sources */,
			);
			runOnlyForDeploymentPostprocessing = 0;
		};
/* End PBXSourcesBuildPhase section */

/* Begin PBXTargetDependency section */
		4EBB1AF817ACBB0D0080ED23 /* PBXTargetDependency */ = {
			isa = PBXTargetDependency;
			target = 4EBB1AC817ACBB0D0080ED23 /* Architecture */;
			targetProxy = 4EBB1AF717ACBB0D0080ED23 /* PBXContainerItemProxy */;
		};
/* End PBXTargetDependency section */

/* Begin PBXVariantGroup section */
		4EBB1AD517ACBB0D0080ED23 /* InfoPlist.strings */ = {
			isa = PBXVariantGroup;
			children = (
				4EBB1AD617ACBB0D0080ED23 /* en */,
			);
			name = InfoPlist.strings;
			sourceTree = "<group>";
		};
		4EBB1AE717ACBB0D0080ED23 /* ViewController_iPhone.xib */ = {
			isa = PBXVariantGroup;
			children = (
				4EBB1AE817ACBB0D0080ED23 /* en */,
			);
			name = ViewController_iPhone.xib;
			sourceTree = "<group>";
		};
		4EBB1AEA17ACBB0D0080ED23 /* ViewController_iPad.xib */ = {
			isa = PBXVariantGroup;
			children = (
				4EBB1AEB17ACBB0D0080ED23 /* en */,
			);
			name = ViewController_iPad.xib;
			sourceTree = "<group>";
		};
		4EBB1AFC17ACBB0D0080ED23 /* InfoPlist.strings */ = {
			isa = PBXVariantGroup;
			children = (
				4EBB1AFD17ACBB0D0080ED23 /* en */,
			);
			name = InfoPlist.strings;
			sourceTree = "<group>";
		};
/* End PBXVariantGroup section */

/* Begin XCBuildConfiguration section */
		4EBB1B0217ACBB0D0080ED23 /* Debug */ = {
			isa = XCBuildConfiguration;
			buildSettings = {
				ALWAYS_SEARCH_USER_PATHS = NO;
				CLANG_CXX_LANGUAGE_STANDARD = "gnu++0x";
				CLANG_CXX_LIBRARY = "libc++";
				CLANG_WARN_CONSTANT_CONVERSION = YES;
				CLANG_WARN_EMPTY_BODY = YES;
				CLANG_WARN_ENUM_CONVERSION = YES;
				CLANG_WARN_INT_CONVERSION = YES;
				CLANG_WARN__DUPLICATE_METHOD_MATCH = YES;
				"CODE_SIGN_IDENTITY[sdk=iphoneos*]" = "iPhone Developer";
				COPY_PHASE_STRIP = NO;
				GCC_C_LANGUAGE_STANDARD = gnu99;
				GCC_DYNAMIC_NO_PIC = NO;
				GCC_OPTIMIZATION_LEVEL = 0;
				GCC_PREPROCESSOR_DEFINITIONS = (
					"DEBUG=1",
					"$(inherited)",
				);
				GCC_SYMBOLS_PRIVATE_EXTERN = NO;
				GCC_WARN_ABOUT_RETURN_TYPE = YES;
				GCC_WARN_UNINITIALIZED_AUTOS = YES;
				GCC_WARN_UNUSED_VARIABLE = YES;
				IPHONEOS_DEPLOYMENT_TARGET = 6.1;
				ONLY_ACTIVE_ARCH = YES;
				SDKROOT = iphoneos;
				TARGETED_DEVICE_FAMILY = "1,2";
			};
			name = Debug;
		};
		4EBB1B0317ACBB0D0080ED23 /* Release */ = {
			isa = XCBuildConfiguration;
			buildSettings = {
				ALWAYS_SEARCH_USER_PATHS = NO;
				CLANG_CXX_LANGUAGE_STANDARD = "gnu++0x";
				CLANG_CXX_LIBRARY = "libc++";
				CLANG_WARN_CONSTANT_CONVERSION = YES;
				CLANG_WARN_EMPTY_BODY = YES;
				CLANG_WARN_ENUM_CONVERSION = YES;
				CLANG_WARN_INT_CONVERSION = YES;
				CLANG_WARN__DUPLICATE_METHOD_MATCH = YES;
				"CODE_SIGN_IDENTITY[sdk=iphoneos*]" = "iPhone Developer";
				COPY_PHASE_STRIP = YES;
				GCC_C_LANGUAGE_STANDARD = gnu99;
				GCC_WARN_ABOUT_RETURN_TYPE = YES;
				GCC_WARN_UNINITIALIZED_AUTOS = YES;
				GCC_WARN_UNUSED_VARIABLE = YES;
				IPHONEOS_DEPLOYMENT_TARGET = 6.1;
				OTHER_CFLAGS = "-DNS_BLOCK_ASSERTIONS=1";
				SDKROOT = iphoneos;
				TARGETED_DEVICE_FAMILY = "1,2";
				VALIDATE_PRODUCT = YES;
			};
			name = Release;
		};
		4EBB1B0517ACBB0D0080ED23 /* Debug */ = {
			isa = XCBuildConfiguration;
			buildSettings = {
				GCC_PRECOMPILE_PREFIX_HEADER = YES;
				GCC_PREFIX_HEADER = "Architecture/Architecture-Prefix.pch";
				INFOPLIST_FILE = "Architecture/Architecture-Info.plist";
				PRODUCT_NAME = "$(TARGET_NAME)";
				WRAPPER_EXTENSION = app;
			};
			name = Debug;
		};
		4EBB1B0617ACBB0D0080ED23 /* Release */ = {
			isa = XCBuildConfiguration;
			buildSettings = {
				GCC_PRECOMPILE_PREFIX_HEADER = YES;
				GCC_PREFIX_HEADER = "Architecture/Architecture-Prefix.pch";
				INFOPLIST_FILE = "Architecture/Architecture-Info.plist";
				PRODUCT_NAME = "$(TARGET_NAME)";
				WRAPPER_EXTENSION = app;
			};
			name = Release;
		};
		4EBB1B0817ACBB0D0080ED23 /* Debug */ = {
			isa = XCBuildConfiguration;
			buildSettings = {
				BUNDLE_LOADER = "$(BUILT_PRODUCTS_DIR)/Architecture.app/Architecture";
				FRAMEWORK_SEARCH_PATHS = (
					"\"$(SDKROOT)/Developer/Library/Frameworks\"",
					"\"$(DEVELOPER_LIBRARY_DIR)/Frameworks\"",
				);
				GCC_PRECOMPILE_PREFIX_HEADER = YES;
				GCC_PREFIX_HEADER = "Architecture/Architecture-Prefix.pch";
				INFOPLIST_FILE = "ArchitectureTests/ArchitectureTests-Info.plist";
				PRODUCT_NAME = "$(TARGET_NAME)";
				TEST_HOST = "$(BUNDLE_LOADER)";
				WRAPPER_EXTENSION = octest;
			};
			name = Debug;
		};
		4EBB1B0917ACBB0D0080ED23 /* Release */ = {
			isa = XCBuildConfiguration;
			buildSettings = {
				BUNDLE_LOADER = "$(BUILT_PRODUCTS_DIR)/Architecture.app/Architecture";
				FRAMEWORK_SEARCH_PATHS = (
					"\"$(SDKROOT)/Developer/Library/Frameworks\"",
					"\"$(DEVELOPER_LIBRARY_DIR)/Frameworks\"",
				);
				GCC_PRECOMPILE_PREFIX_HEADER = YES;
				GCC_PREFIX_HEADER = "Architecture/Architecture-Prefix.pch";
				INFOPLIST_FILE = "ArchitectureTests/ArchitectureTests-Info.plist";
				PRODUCT_NAME = "$(TARGET_NAME)";
				TEST_HOST = "$(BUNDLE_LOADER)";
				WRAPPER_EXTENSION = octest;
			};
			name = Release;
		};
/* End XCBuildConfiguration section */

/* Begin XCConfigurationList section */
		4EBB1AC417ACBB0D0080ED23 /* Build configuration list for PBXProject "Architecture" */ = {
			isa = XCConfigurationList;
			buildConfigurations = (
				4EBB1B0217ACBB0D0080ED23 /* Debug */,
				4EBB1B0317ACBB0D0080ED23 /* Release */,
			);
			defaultConfigurationIsVisible = 0;
			defaultConfigurationName = Release;
		};
		4EBB1B0417ACBB0D0080ED23 /* Build configuration list for PBXNativeTarget "Architecture" */ = {
			isa = XCConfigurationList;
			buildConfigurations = (
				4EBB1B0517ACBB0D0080ED23 /* Debug */,
				4EBB1B0617ACBB0D0080ED23 /* Release */,
			);
			defaultConfigurationIsVisible = 0;
			defaultConfigurationName = Release;
		};
		4EBB1B0717ACBB0D0080ED23 /* Build configuration list for PBXNativeTarget "ArchitectureTests" */ = {
			isa = XCConfigurationList;
			buildConfigurations = (
				4EBB1B0817ACBB0D0080ED23 /* Debug */,
				4EBB1B0917ACBB0D0080ED23 /* Release */,
			);
			defaultConfigurationIsVisible = 0;
			defaultConfigurationName = Release;
		};
/* End XCConfigurationList section */
	};
	rootObject = 4EBB1AC117ACBB0D0080ED23 /* Project object */;
}
