// !$*UTF8*$!
{
	archiveVersion = 1;
	classes = {
	};
	objectVersion = 46;
	objects = {

/* Begin PBXBuildFile section */
		4E0FD24217D08C3F0039780A /* NavBar.png in Resources */ = {isa = PBXBuildFile; fileRef = 4E0FD24017D08C3F0039780A /* NavBar.png */; };
		4E0FD24317D08C3F0039780A /* zixunBar.png in Resources */ = {isa = PBXBuildFile; fileRef = 4E0FD24117D08C3F0039780A /* zixunBar.png */; };
		4E0FD24617D09FFF0039780A /* NavButton@2x.png in Resources */ = {isa = PBXBuildFile; fileRef = 4E0FD24417D09FFF0039780A /* NavButton@2x.png */; };
		4E0FD24717D09FFF0039780A /* NavButtonPressed@2x.png in Resources */ = {isa = PBXBuildFile; fileRef = 4E0FD24517D09FFF0039780A /* NavButtonPressed@2x.png */; };
		4E0FD24E17D0BDDB0039780A /* digital-7.ttf in Resources */ = {isa = PBXBuildFile; fileRef = 4E0FD24D17D0BDDB0039780A /* digital-7.ttf */; };
		4E0FD25017D0C1B40039780A /* NavLogo@2x.png in Resources */ = {isa = PBXBuildFile; fileRef = 4E0FD24F17D0C1B40039780A /* NavLogo@2x.png */; };
		4E0FD25517D0C5570039780A /* icare_iphone_lightline.png in Resources */ = {isa = PBXBuildFile; fileRef = 4E0FD25117D0C5570039780A /* icare_iphone_lightline.png */; };
		4E0FD25617D0C5570039780A /* icare_iphone_lightline@2x.png in Resources */ = {isa = PBXBuildFile; fileRef = 4E0FD25217D0C5570039780A /* icare_iphone_lightline@2x.png */; };
		4E0FD25717D0C5570039780A /* icare_iphone_lightpoint.png in Resources */ = {isa = PBXBuildFile; fileRef = 4E0FD25317D0C5570039780A /* icare_iphone_lightpoint.png */; };
		4E0FD25817D0C5570039780A /* icare_iphone_lightpoint@2x.png in Resources */ = {isa = PBXBuildFile; fileRef = 4E0FD25417D0C5570039780A /* icare_iphone_lightpoint@2x.png */; };
		4E2115E2182A3155007AECB7 /* ios7_app_icon_iphone@2x.png in Resources */ = {isa = PBXBuildFile; fileRef = 4E2115E0182A3155007AECB7 /* ios7_app_icon_iphone@2x.png */; };
		4E2115E3182A3155007AECB7 /* ios7_spotlight_icon@2x.png in Resources */ = {isa = PBXBuildFile; fileRef = 4E2115E1182A3155007AECB7 /* ios7_spotlight_icon@2x.png */; };
		4E211602182A31B6007AECB7 /* Default-ios7-Landscape@2x~ipad.png in Resources */ = {isa = PBXBuildFile; fileRef = 4E2115F8182A31B6007AECB7 /* Default-ios7-Landscape@2x~ipad.png */; };
		4E211603182A31B6007AECB7 /* Default-ios7-Landscape~ipad.png in Resources */ = {isa = PBXBuildFile; fileRef = 4E2115F9182A31B6007AECB7 /* Default-ios7-Landscape~ipad.png */; };
		4E211604182A31B6007AECB7 /* Default-ios7-Portrait@2x~ipad.png in Resources */ = {isa = PBXBuildFile; fileRef = 4E2115FA182A31B6007AECB7 /* Default-ios7-Portrait@2x~ipad.png */; };
		4E211605182A31B6007AECB7 /* Default-ios7-Portrait~ipad.png in Resources */ = {isa = PBXBuildFile; fileRef = 4E2115FB182A31B6007AECB7 /* Default-ios7-Portrait~ipad.png */; };
		4E211606182A31B6007AECB7 /* ios7_app_icon_ipad.png in Resources */ = {isa = PBXBuildFile; fileRef = 4E2115FC182A31B6007AECB7 /* ios7_app_icon_ipad.png */; };
		4E211607182A31B6007AECB7 /* ios7_app_icon_ipad@2x.png in Resources */ = {isa = PBXBuildFile; fileRef = 4E2115FD182A31B6007AECB7 /* ios7_app_icon_ipad@2x.png */; };
		4E211608182A31B6007AECB7 /* ios7_spotlight_icon_ipad.png in Resources */ = {isa = PBXBuildFile; fileRef = 4E2115FE182A31B6007AECB7 /* ios7_spotlight_icon_ipad.png */; };
		4E211609182A31B6007AECB7 /* ios7_spotlight_icon_ipad@2x.png in Resources */ = {isa = PBXBuildFile; fileRef = 4E2115FF182A31B6007AECB7 /* ios7_spotlight_icon_ipad@2x.png */; };
		4E21160A182A31B6007AECB7 /* Settings_icon_ipad.png in Resources */ = {isa = PBXBuildFile; fileRef = 4E211600182A31B6007AECB7 /* Settings_icon_ipad.png */; };
		4E21160B182A31B6007AECB7 /* Settings_icon_ipad@2x.png in Resources */ = {isa = PBXBuildFile; fileRef = 4E211601182A31B6007AECB7 /* Settings_icon_ipad@2x.png */; };
		4E3FB0B6182B36DD00E1244E /* UISplitViewController+AKTabBarController.m in Sources */ = {isa = PBXBuildFile; fileRef = 4E3FB0B5182B36DD00E1244E /* UISplitViewController+AKTabBarController.m */; settings = {COMPILER_FLAGS = "-fobjc-arc"; }; };
		4E758E0217AE91B00000916E /* Localizable.strings in Resources */ = {isa = PBXBuildFile; fileRef = 4E758E0417AE91B00000916E /* Localizable.strings */; };
		4E758E1117AEA3100000916E /* Reachability.m in Sources */ = {isa = PBXBuildFile; fileRef = 4E758E1017AEA3100000916E /* Reachability.m */; };
		4E8A3D7217ACF37400F49E8D /* OpenUDID.m in Sources */ = {isa = PBXBuildFile; fileRef = 4E8A3D7117ACF37400F49E8D /* OpenUDID.m */; };
		4E8A3D8217AD097100F49E8D /* GaryPersonalLog.m in Sources */ = {isa = PBXBuildFile; fileRef = 4E8A3D8117AD097100F49E8D /* GaryPersonalLog.m */; };
		4E90345917D704EF00C751D6 /* AudioToolbox.framework in Frameworks */ = {isa = PBXBuildFile; fileRef = 4E90345817D704EF00C751D6 /* AudioToolbox.framework */; };
		4E9EB88317B220B8002CAD96 /* Default-568h@2x.png in Resources */ = {isa = PBXBuildFile; fileRef = 4E9EB87C17B220B8002CAD96 /* Default-568h@2x.png */; };
		4E9EB88417B220B8002CAD96 /* Default.png in Resources */ = {isa = PBXBuildFile; fileRef = 4E9EB87D17B220B8002CAD96 /* Default.png */; };
		4E9EB88517B220B8002CAD96 /* Default@2x.png in Resources */ = {isa = PBXBuildFile; fileRef = 4E9EB87E17B220B8002CAD96 /* Default@2x.png */; };
		4E9EB88617B220B8002CAD96 /* Icon-Small.png in Resources */ = {isa = PBXBuildFile; fileRef = 4E9EB87F17B220B8002CAD96 /* Icon-Small.png */; };
		4E9EB88717B220B8002CAD96 /* Icon-Small@2x.png in Resources */ = {isa = PBXBuildFile; fileRef = 4E9EB88017B220B8002CAD96 /* Icon-Small@2x.png */; };
		4E9EB88817B220B8002CAD96 /* Icon.png in Resources */ = {isa = PBXBuildFile; fileRef = 4E9EB88117B220B8002CAD96 /* Icon.png */; };
		4E9EB88917B220B8002CAD96 /* Icon@2x.png in Resources */ = {isa = PBXBuildFile; fileRef = 4E9EB88217B220B8002CAD96 /* Icon@2x.png */; };
		4E9EB89317B220EF002CAD96 /* Default-Landscape@2x~ipad.png in Resources */ = {isa = PBXBuildFile; fileRef = 4E9EB88B17B220EF002CAD96 /* Default-Landscape@2x~ipad.png */; };
		4E9EB89417B220EF002CAD96 /* Default-Landscape~ipad.png in Resources */ = {isa = PBXBuildFile; fileRef = 4E9EB88C17B220EF002CAD96 /* Default-Landscape~ipad.png */; };
		4E9EB89517B220EF002CAD96 /* Default-Portrait@2x~ipad.png in Resources */ = {isa = PBXBuildFile; fileRef = 4E9EB88D17B220EF002CAD96 /* Default-Portrait@2x~ipad.png */; };
		4E9EB89617B220EF002CAD96 /* Default-Portrait~ipad.png in Resources */ = {isa = PBXBuildFile; fileRef = 4E9EB88E17B220EF002CAD96 /* Default-Portrait~ipad.png */; };
		4E9EB89717B220EF002CAD96 /* ipad-Icon-Small.png in Resources */ = {isa = PBXBuildFile; fileRef = 4E9EB88F17B220EF002CAD96 /* ipad-Icon-Small.png */; };
		4E9EB89817B220EF002CAD96 /* ipad-Icon-Small@2x.png in Resources */ = {isa = PBXBuildFile; fileRef = 4E9EB89017B220EF002CAD96 /* ipad-Icon-Small@2x.png */; };
		4E9EB89917B220EF002CAD96 /* ipad-Icon.png in Resources */ = {isa = PBXBuildFile; fileRef = 4E9EB89117B220EF002CAD96 /* ipad-Icon.png */; };
		4E9EB89A17B220EF002CAD96 /* ipad-Icon@2x.png in Resources */ = {isa = PBXBuildFile; fileRef = 4E9EB89217B220EF002CAD96 /* ipad-Icon@2x.png */; };
		4EAC4B8417AE6715004A8E95 /* AFHTTPClient.m in Sources */ = {isa = PBXBuildFile; fileRef = 4EAC4B7217AE6715004A8E95 /* AFHTTPClient.m */; settings = {COMPILER_FLAGS = "-fobjc-arc"; }; };
		4EAC4B8517AE6715004A8E95 /* AFHTTPRequestOperation.m in Sources */ = {isa = PBXBuildFile; fileRef = 4EAC4B7417AE6715004A8E95 /* AFHTTPRequestOperation.m */; settings = {COMPILER_FLAGS = "-fobjc-arc"; }; };
		4EAC4B8617AE6715004A8E95 /* AFImageRequestOperation.m in Sources */ = {isa = PBXBuildFile; fileRef = 4EAC4B7617AE6715004A8E95 /* AFImageRequestOperation.m */; settings = {COMPILER_FLAGS = "-fobjc-arc"; }; };
		4EAC4B8717AE6715004A8E95 /* AFJSONRequestOperation.m in Sources */ = {isa = PBXBuildFile; fileRef = 4EAC4B7817AE6715004A8E95 /* AFJSONRequestOperation.m */; settings = {COMPILER_FLAGS = "-fobjc-arc"; }; };
		4EAC4B8817AE6715004A8E95 /* AFNetworkActivityIndicatorManager.m in Sources */ = {isa = PBXBuildFile; fileRef = 4EAC4B7A17AE6715004A8E95 /* AFNetworkActivityIndicatorManager.m */; settings = {COMPILER_FLAGS = "-fobjc-arc"; }; };
		4EAC4B8917AE6715004A8E95 /* AFPropertyListRequestOperation.m in Sources */ = {isa = PBXBuildFile; fileRef = 4EAC4B7D17AE6715004A8E95 /* AFPropertyListRequestOperation.m */; settings = {COMPILER_FLAGS = "-fobjc-arc"; }; };
		4EAC4B8A17AE6715004A8E95 /* AFURLConnectionOperation.m in Sources */ = {isa = PBXBuildFile; fileRef = 4EAC4B7F17AE6715004A8E95 /* AFURLConnectionOperation.m */; settings = {COMPILER_FLAGS = "-fobjc-arc"; }; };
		4EAC4B8B17AE6715004A8E95 /* AFXMLRequestOperation.m in Sources */ = {isa = PBXBuildFile; fileRef = 4EAC4B8117AE6715004A8E95 /* AFXMLRequestOperation.m */; settings = {COMPILER_FLAGS = "-fobjc-arc"; }; };
		4EAC4B8C17AE6715004A8E95 /* UIImageView+AFNetworking.m in Sources */ = {isa = PBXBuildFile; fileRef = 4EAC4B8317AE6715004A8E95 /* UIImageView+AFNetworking.m */; settings = {COMPILER_FLAGS = "-fobjc-arc"; }; };
		4EAC4B8E17AE686A004A8E95 /* SystemConfiguration.framework in Frameworks */ = {isa = PBXBuildFile; fileRef = 4EAC4B8D17AE6869004A8E95 /* SystemConfiguration.framework */; };
		4EAC4B9017AE6874004A8E95 /* Security.framework in Frameworks */ = {isa = PBXBuildFile; fileRef = 4EAC4B8F17AE6874004A8E95 /* Security.framework */; };
		4EAC4B9417AE695C004A8E95 /* MobileCoreServices.framework in Frameworks */ = {isa = PBXBuildFile; fileRef = 4EAC4B9317AE695C004A8E95 /* MobileCoreServices.framework */; };
		4EAC4BA217AE71BF004A8E95 /* AppDelegateHelper.m in Sources */ = {isa = PBXBuildFile; fileRef = 4EAC4B9E17AE71BF004A8E95 /* AppDelegateHelper.m */; };
		4EAC4BA317AE71BF004A8E95 /* AFAppDotNetAPIClient.m in Sources */ = {isa = PBXBuildFile; fileRef = 4EAC4BA117AE71BF004A8E95 /* AFAppDotNetAPIClient.m */; };
		4EAC4BC017AE7395004A8E95 /* CBFileWatcher.m in Sources */ = {isa = PBXBuildFile; fileRef = 4EAC4BA617AE7395004A8E95 /* CBFileWatcher.m */; };
		4EAC4BC117AE7395004A8E95 /* CBIntrospect.m in Sources */ = {isa = PBXBuildFile; fileRef = 4EAC4BA817AE7395004A8E95 /* CBIntrospect.m */; };
		4EAC4BC217AE7395004A8E95 /* DCCrossHairView.m in Sources */ = {isa = PBXBuildFile; fileRef = 4EAC4BAC17AE7395004A8E95 /* DCCrossHairView.m */; };
		4EAC4BC317AE7395004A8E95 /* DCFrameView.m in Sources */ = {isa = PBXBuildFile; fileRef = 4EAC4BAE17AE7395004A8E95 /* DCFrameView.m */; };
		4EAC4BC417AE7395004A8E95 /* DCIntrospect.m in Sources */ = {isa = PBXBuildFile; fileRef = 4EAC4BB017AE7395004A8E95 /* DCIntrospect.m */; };
		4EAC4BC517AE7395004A8E95 /* DCStatusBarOverlay.m in Sources */ = {isa = PBXBuildFile; fileRef = 4EAC4BB317AE7395004A8E95 /* DCStatusBarOverlay.m */; };
		4EAC4BC617AE7395004A8E95 /* DCUtility.m in Sources */ = {isa = PBXBuildFile; fileRef = 4EAC4BB517AE7395004A8E95 /* DCUtility.m */; };
		4EAC4BC717AE7395004A8E95 /* DLInvocationResult.m in Sources */ = {isa = PBXBuildFile; fileRef = 4EAC4BB717AE7395004A8E95 /* DLInvocationResult.m */; };
		4EAC4BC817AE7395004A8E95 /* DLStatementParser.m in Sources */ = {isa = PBXBuildFile; fileRef = 4EAC4BB917AE7395004A8E95 /* DLStatementParser.m */; };
		4EAC4BC917AE7395004A8E95 /* NSObject+JSON.m in Sources */ = {isa = PBXBuildFile; fileRef = 4EAC4BBB17AE7395004A8E95 /* NSObject+JSON.m */; };
		4EAC4BCA17AE7395004A8E95 /* UIView+Introspector.m in Sources */ = {isa = PBXBuildFile; fileRef = 4EAC4BBD17AE7395004A8E95 /* UIView+Introspector.m */; };
		4EAC4BCB17AE7395004A8E95 /* UIWindow+Introspector.m in Sources */ = {isa = PBXBuildFile; fileRef = 4EAC4BBF17AE7395004A8E95 /* UIWindow+Introspector.m */; };
		4EAC4BCD17AE73AD004A8E95 /* QuartzCore.framework in Frameworks */ = {isa = PBXBuildFile; fileRef = 4EAC4BCC17AE73AD004A8E95 /* QuartzCore.framework */; };
		4EAC4BE517AE8070004A8E95 /* AVFoundation.framework in Frameworks */ = {isa = PBXBuildFile; fileRef = 4EAC4BE417AE8070004A8E95 /* AVFoundation.framework */; };
		4EAC4BEF17AE82B8004A8E95 /* sound1.caf in Resources */ = {isa = PBXBuildFile; fileRef = 4EAC4BEA17AE82B8004A8E95 /* sound1.caf */; };
		4EAC4BF017AE82B8004A8E95 /* sound2.caf in Resources */ = {isa = PBXBuildFile; fileRef = 4EAC4BEB17AE82B8004A8E95 /* sound2.caf */; };
		4EAC4BF117AE82B8004A8E95 /* track1.caf in Resources */ = {isa = PBXBuildFile; fileRef = 4EAC4BEC17AE82B8004A8E95 /* track1.caf */; };
		4EAC4BF217AE82B8004A8E95 /* track2.caf in Resources */ = {isa = PBXBuildFile; fileRef = 4EAC4BED17AE82B8004A8E95 /* track2.caf */; };
		4EAC4BFB17AE82C8004A8E95 /* betting.mp3 in Resources */ = {isa = PBXBuildFile; fileRef = 4EAC4BF717AE82C8004A8E95 /* betting.mp3 */; };
		4EAC4BFC17AE82C8004A8E95 /* random.mp3 in Resources */ = {isa = PBXBuildFile; fileRef = 4EAC4BF817AE82C8004A8E95 /* random.mp3 */; };
		4EAC4BFD17AE82C8004A8E95 /* tap.aif in Resources */ = {isa = PBXBuildFile; fileRef = 4EAC4BF917AE82C8004A8E95 /* tap.aif */; };
		4EAC4C0217AE82D8004A8E95 /* SoundManager.m in Sources */ = {isa = PBXBuildFile; fileRef = 4EAC4C0117AE82D8004A8E95 /* SoundManager.m */; settings = {COMPILER_FLAGS = "-fobjc-arc"; }; };
		4EB2873A182B2335009DFB2A /* NavBar64@2x.png in Resources */ = {isa = PBXBuildFile; fileRef = 4EB28739182B2335009DFB2A /* NavBar64@2x.png */; };
		4EB70F7817CF7AAD00884F37 /* AKTab.m in Sources */ = {isa = PBXBuildFile; fileRef = 4EB70F6C17CF7AAC00884F37 /* AKTab.m */; settings = {COMPILER_FLAGS = "-fobjc-arc"; }; };
		4EB70F7917CF7AAD00884F37 /* AKTabBar.m in Sources */ = {isa = PBXBuildFile; fileRef = 4EB70F6E17CF7AAC00884F37 /* AKTabBar.m */; settings = {COMPILER_FLAGS = "-fobjc-arc"; }; };
		4EB70F7A17CF7AAD00884F37 /* AKTabBarController.bundle in Resources */ = {isa = PBXBuildFile; fileRef = 4EB70F6F17CF7AAC00884F37 /* AKTabBarController.bundle */; };
		4EB70F7B17CF7AAD00884F37 /* AKTabBarController.m in Sources */ = {isa = PBXBuildFile; fileRef = 4EB70F7117CF7AAC00884F37 /* AKTabBarController.m */; settings = {COMPILER_FLAGS = "-fobjc-arc"; }; };
		4EB70F7C17CF7AAD00884F37 /* AKTabBarView.m in Sources */ = {isa = PBXBuildFile; fileRef = 4EB70F7317CF7AAC00884F37 /* AKTabBarView.m */; settings = {COMPILER_FLAGS = "-fobjc-arc"; }; };
		4EB70F7D17CF7AAD00884F37 /* UINavigationController+AKTabBarController.m in Sources */ = {isa = PBXBuildFile; fileRef = 4EB70F7517CF7AAC00884F37 /* UINavigationController+AKTabBarController.m */; settings = {COMPILER_FLAGS = "-fobjc-arc"; }; };
		4EB70F7E17CF7AAD00884F37 /* UIViewController+AKTabBarController.m in Sources */ = {isa = PBXBuildFile; fileRef = 4EB70F7717CF7AAD00884F37 /* UIViewController+AKTabBarController.m */; settings = {COMPILER_FLAGS = "-fobjc-arc"; }; };
		4EB7615F17D03E2200031C4B /* ContentViewController.m in Sources */ = {isa = PBXBuildFile; fileRef = 4EB7615417D0322D00031C4B /* ContentViewController.m */; };
		4EB7616017D03E2800031C4B /* FourthViewController.m in Sources */ = {isa = PBXBuildFile; fileRef = 4EB7615617D0322D00031C4B /* FourthViewController.m */; };
		4EB7616117D03E2A00031C4B /* SecondViewController.m in Sources */ = {isa = PBXBuildFile; fileRef = 4EB7615817D0322D00031C4B /* SecondViewController.m */; };
		4EB7616217D03E2E00031C4B /* ThirdViewController.m in Sources */ = {isa = PBXBuildFile; fileRef = 4EB7615A17D0322D00031C4B /* ThirdViewController.m */; };
		4EB7617517D043FC00031C4B /* image-1-active.png in Resources */ = {isa = PBXBuildFile; fileRef = 4EB7616417D043FB00031C4B /* image-1-active.png */; };
		4EB7617617D043FC00031C4B /* image-1-active@2x.png in Resources */ = {isa = PBXBuildFile; fileRef = 4EB7616517D043FB00031C4B /* image-1-active@2x.png */; };
		4EB7617717D043FC00031C4B /* image-1.png in Resources */ = {isa = PBXBuildFile; fileRef = 4EB7616617D043FB00031C4B /* image-1.png */; };
		4EB7617817D043FC00031C4B /* image-1@2x.png in Resources */ = {isa = PBXBuildFile; fileRef = 4EB7616717D043FB00031C4B /* image-1@2x.png */; };
		4EB7617917D043FC00031C4B /* image-2.png in Resources */ = {isa = PBXBuildFile; fileRef = 4EB7616817D043FB00031C4B /* image-2.png */; };
		4EB7617A17D043FC00031C4B /* image-2@2x.png in Resources */ = {isa = PBXBuildFile; fileRef = 4EB7616917D043FB00031C4B /* image-2@2x.png */; };
		4EB7617B17D043FC00031C4B /* image-3.png in Resources */ = {isa = PBXBuildFile; fileRef = 4EB7616A17D043FB00031C4B /* image-3.png */; };
		4EB7617C17D043FC00031C4B /* image-3@2x.png in Resources */ = {isa = PBXBuildFile; fileRef = 4EB7616B17D043FB00031C4B /* image-3@2x.png */; };
		4EB7617D17D043FC00031C4B /* image-4.png in Resources */ = {isa = PBXBuildFile; fileRef = 4EB7616C17D043FB00031C4B /* image-4.png */; };
		4EB7617E17D043FC00031C4B /* image-4@2x.png in Resources */ = {isa = PBXBuildFile; fileRef = 4EB7616D17D043FB00031C4B /* image-4@2x.png */; };
		4EB7617F17D043FC00031C4B /* noise-dark-blue.png in Resources */ = {isa = PBXBuildFile; fileRef = 4EB7616E17D043FB00031C4B /* noise-dark-blue.png */; };
		4EB7618017D043FC00031C4B /* noise-dark-blue@2x.png in Resources */ = {isa = PBXBuildFile; fileRef = 4EB7616F17D043FB00031C4B /* noise-dark-blue@2x.png */; };
		4EB7618117D043FC00031C4B /* noise-dark-gray.png in Resources */ = {isa = PBXBuildFile; fileRef = 4EB7617017D043FB00031C4B /* noise-dark-gray.png */; };
		4EB7618217D043FC00031C4B /* noise-dark-gray@2x.png in Resources */ = {isa = PBXBuildFile; fileRef = 4EB7617117D043FB00031C4B /* noise-dark-gray@2x.png */; };
		4EB7618317D043FC00031C4B /* noise-dark-green.png in Resources */ = {isa = PBXBuildFile; fileRef = 4EB7617217D043FC00031C4B /* noise-dark-green.png */; };
		4EB7618417D043FC00031C4B /* noise-dark-green@2x.png in Resources */ = {isa = PBXBuildFile; fileRef = 4EB7617317D043FC00031C4B /* noise-dark-green@2x.png */; };
		4EB7618517D043FC00031C4B /* sample-center-image@2x.png in Resources */ = {isa = PBXBuildFile; fileRef = 4EB7617417D043FC00031C4B /* sample-center-image@2x.png */; };
		4EB7618817D0649C00031C4B /* NavBar@2x.png in Resources */ = {isa = PBXBuildFile; fileRef = 4EB7618717D0649C00031C4B /* NavBar@2x.png */; };
		4EB7618A17D06B1700031C4B /* zixunBar@2x.png in Resources */ = {isa = PBXBuildFile; fileRef = 4EB7618917D06B1700031C4B /* zixunBar@2x.png */; };
		4EBB1ACD17ACBB0D0080ED23 /* UIKit.framework in Frameworks */ = {isa = PBXBuildFile; fileRef = 4EBB1ACC17ACBB0D0080ED23 /* UIKit.framework */; };
		4EBB1ACF17ACBB0D0080ED23 /* Foundation.framework in Frameworks */ = {isa = PBXBuildFile; fileRef = 4EBB1ACE17ACBB0D0080ED23 /* Foundation.framework */; };
		4EBB1AD117ACBB0D0080ED23 /* CoreGraphics.framework in Frameworks */ = {isa = PBXBuildFile; fileRef = 4EBB1AD017ACBB0D0080ED23 /* CoreGraphics.framework */; };
		4EBB1AD717ACBB0D0080ED23 /* InfoPlist.strings in Resources */ = {isa = PBXBuildFile; fileRef = 4EBB1AD517ACBB0D0080ED23 /* InfoPlist.strings */; };
		4EBB1AD917ACBB0D0080ED23 /* main.m in Sources */ = {isa = PBXBuildFile; fileRef = 4EBB1AD817ACBB0D0080ED23 /* main.m */; };
		4EBB1ADD17ACBB0D0080ED23 /* AppDelegate.m in Sources */ = {isa = PBXBuildFile; fileRef = 4EBB1ADC17ACBB0D0080ED23 /* AppDelegate.m */; };
		4EBB1AE617ACBB0D0080ED23 /* ViewController.m in Sources */ = {isa = PBXBuildFile; fileRef = 4EBB1AE517ACBB0D0080ED23 /* ViewController.m */; };
		4EBB1AE917ACBB0D0080ED23 /* ViewController_iPhone.xib in Resources */ = {isa = PBXBuildFile; fileRef = 4EBB1AE717ACBB0D0080ED23 /* ViewController_iPhone.xib */; };
		4EBB1AEC17ACBB0D0080ED23 /* ViewController_iPad.xib in Resources */ = {isa = PBXBuildFile; fileRef = 4EBB1AEA17ACBB0D0080ED23 /* ViewController_iPad.xib */; };
		4EBB1AF417ACBB0D0080ED23 /* SenTestingKit.framework in Frameworks */ = {isa = PBXBuildFile; fileRef = 4EBB1AF317ACBB0D0080ED23 /* SenTestingKit.framework */; };
		4EBB1AF517ACBB0D0080ED23 /* UIKit.framework in Frameworks */ = {isa = PBXBuildFile; fileRef = 4EBB1ACC17ACBB0D0080ED23 /* UIKit.framework */; };
		4EBB1AF617ACBB0D0080ED23 /* Foundation.framework in Frameworks */ = {isa = PBXBuildFile; fileRef = 4EBB1ACE17ACBB0D0080ED23 /* Foundation.framework */; };
		4EBB1AFE17ACBB0D0080ED23 /* InfoPlist.strings in Resources */ = {isa = PBXBuildFile; fileRef = 4EBB1AFC17ACBB0D0080ED23 /* InfoPlist.strings */; };
		4EBB1B0117ACBB0D0080ED23 /* ArchitectureTests.m in Sources */ = {isa = PBXBuildFile; fileRef = 4EBB1B0017ACBB0D0080ED23 /* ArchitectureTests.m */; };
		4EC6261C183C48920046EE43 /* NSString+Category.m in Sources */ = {isa = PBXBuildFile; fileRef = 4EC62615183C48920046EE43 /* NSString+Category.m */; };
		4EC6261D183C48920046EE43 /* UIButton+Category.m in Sources */ = {isa = PBXBuildFile; fileRef = 4EC62617183C48920046EE43 /* UIButton+Category.m */; };
		4EC6261E183C48920046EE43 /* UIColor+Colours.m in Sources */ = {isa = PBXBuildFile; fileRef = 4EC62619183C48920046EE43 /* UIColor+Colours.m */; };
		4EC6261F183C48920046EE43 /* UIDevice+SystemInfo.m in Sources */ = {isa = PBXBuildFile; fileRef = 4EC6261B183C48920046EE43 /* UIDevice+SystemInfo.m */; };
		4ECD3F7217AE3719003B9B42 /* RegularVerification.m in Sources */ = {isa = PBXBuildFile; fileRef = 4ECD3F7017AE366F003B9B42 /* RegularVerification.m */; };
		4ECD3F7917AE466A003B9B42 /* iPad_View in Resources */ = {isa = PBXBuildFile; fileRef = 4ECD3F7817AE466A003B9B42 /* iPad_View */; };
/* End PBXBuildFile section */

/* Begin PBXContainerItemProxy section */
		4EBB1AF717ACBB0D0080ED23 /* PBXContainerItemProxy */ = {
			isa = PBXContainerItemProxy;
			containerPortal = 4EBB1AC117ACBB0D0080ED23 /* Project object */;
			proxyType = 1;
			remoteGlobalIDString = 4EBB1AC817ACBB0D0080ED23;
			remoteInfo = Architecture;
		};
/* End PBXContainerItemProxy section */

/* Begin PBXFileReference section */
		4E0FD24017D08C3F0039780A /* NavBar.png */ = {isa = PBXFileReference; lastKnownFileType = image.png; path = NavBar.png; sourceTree = "<group>"; };
		4E0FD24117D08C3F0039780A /* zixunBar.png */ = {isa = PBXFileReference; lastKnownFileType = image.png; path = zixunBar.png; sourceTree = "<group>"; };
		4E0FD24417D09FFF0039780A /* NavButton@2x.png */ = {isa = PBXFileReference; lastKnownFileType = image.png; path = "NavButton@2x.png"; sourceTree = "<group>"; };
		4E0FD24517D09FFF0039780A /* NavButtonPressed@2x.png */ = {isa = PBXFileReference; lastKnownFileType = image.png; path = "NavButtonPressed@2x.png"; sourceTree = "<group>"; };
		4E0FD24D17D0BDDB0039780A /* digital-7.ttf */ = {isa = PBXFileReference; lastKnownFileType = file; path = "digital-7.ttf"; sourceTree = "<group>"; };
		4E0FD24F17D0C1B40039780A /* NavLogo@2x.png */ = {isa = PBXFileReference; lastKnownFileType = image.png; path = "NavLogo@2x.png"; sourceTree = "<group>"; };
		4E0FD25117D0C5570039780A /* icare_iphone_lightline.png */ = {isa = PBXFileReference; lastKnownFileType = image.png; path = icare_iphone_lightline.png; sourceTree = "<group>"; };
		4E0FD25217D0C5570039780A /* icare_iphone_lightline@2x.png */ = {isa = PBXFileReference; lastKnownFileType = image.png; path = "icare_iphone_lightline@2x.png"; sourceTree = "<group>"; };
		4E0FD25317D0C5570039780A /* icare_iphone_lightpoint.png */ = {isa = PBXFileReference; lastKnownFileType = image.png; path = icare_iphone_lightpoint.png; sourceTree = "<group>"; };
		4E0FD25417D0C5570039780A /* icare_iphone_lightpoint@2x.png */ = {isa = PBXFileReference; lastKnownFileType = image.png; path = "icare_iphone_lightpoint@2x.png"; sourceTree = "<group>"; };
		4E2115E0182A3155007AECB7 /* ios7_app_icon_iphone@2x.png */ = {isa = PBXFileReference; lastKnownFileType = image.png; path = "ios7_app_icon_iphone@2x.png"; sourceTree = "<group>"; };
		4E2115E1182A3155007AECB7 /* ios7_spotlight_icon@2x.png */ = {isa = PBXFileReference; lastKnownFileType = image.png; path = "ios7_spotlight_icon@2x.png"; sourceTree = "<group>"; };
		4E2115F8182A31B6007AECB7 /* Default-ios7-Landscape@2x~ipad.png */ = {isa = PBXFileReference; lastKnownFileType = image.png; path = "Default-ios7-Landscape@2x~ipad.png"; sourceTree = "<group>"; };
		4E2115F9182A31B6007AECB7 /* Default-ios7-Landscape~ipad.png */ = {isa = PBXFileReference; lastKnownFileType = image.png; path = "Default-ios7-Landscape~ipad.png"; sourceTree = "<group>"; };
		4E2115FA182A31B6007AECB7 /* Default-ios7-Portrait@2x~ipad.png */ = {isa = PBXFileReference; lastKnownFileType = image.png; path = "Default-ios7-Portrait@2x~ipad.png"; sourceTree = "<group>"; };
		4E2115FB182A31B6007AECB7 /* Default-ios7-Portrait~ipad.png */ = {isa = PBXFileReference; lastKnownFileType = image.png; path = "Default-ios7-Portrait~ipad.png"; sourceTree = "<group>"; };
		4E2115FC182A31B6007AECB7 /* ios7_app_icon_ipad.png */ = {isa = PBXFileReference; lastKnownFileType = image.png; path = ios7_app_icon_ipad.png; sourceTree = "<group>"; };
		4E2115FD182A31B6007AECB7 /* ios7_app_icon_ipad@2x.png */ = {isa = PBXFileReference; lastKnownFileType = image.png; path = "ios7_app_icon_ipad@2x.png"; sourceTree = "<group>"; };
		4E2115FE182A31B6007AECB7 /* ios7_spotlight_icon_ipad.png */ = {isa = PBXFileReference; lastKnownFileType = image.png; path = ios7_spotlight_icon_ipad.png; sourceTree = "<group>"; };
		4E2115FF182A31B6007AECB7 /* ios7_spotlight_icon_ipad@2x.png */ = {isa = PBXFileReference; lastKnownFileType = image.png; path = "ios7_spotlight_icon_ipad@2x.png"; sourceTree = "<group>"; };
		4E211600182A31B6007AECB7 /* Settings_icon_ipad.png */ = {isa = PBXFileReference; lastKnownFileType = image.png; path = Settings_icon_ipad.png; sourceTree = "<group>"; };
		4E211601182A31B6007AECB7 /* Settings_icon_ipad@2x.png */ = {isa = PBXFileReference; lastKnownFileType = image.png; path = "Settings_icon_ipad@2x.png"; sourceTree = "<group>"; };
		4E3FB0B4182B36DD00E1244E /* UISplitViewController+AKTabBarController.h */ = {isa = PBXFileReference; fileEncoding = 4; lastKnownFileType = sourcecode.c.h; path = "UISplitViewController+AKTabBarController.h"; sourceTree = "<group>"; };
		4E3FB0B5182B36DD00E1244E /* UISplitViewController+AKTabBarController.m */ = {isa = PBXFileReference; fileEncoding = 4; lastKnownFileType = sourcecode.c.objc; path = "UISplitViewController+AKTabBarController.m"; sourceTree = "<group>"; };
		4E758DF817AE8DAE0000916E /* zh-Hans */ = {isa = PBXFileReference; lastKnownFileType = text.plist.strings; name = "zh-Hans"; path = "zh-Hans.lproj/InfoPlist.strings"; sourceTree = "<group>"; };
		4E758E0317AE91B00000916E /* zh-Hans */ = {isa = PBXFileReference; lastKnownFileType = text.plist.strings; name = "zh-Hans"; path = "zh-Hans.lproj/Localizable.strings"; sourceTree = "<group>"; };
		4E758E0517AE91B40000916E /* en */ = {isa = PBXFileReference; lastKnownFileType = text.plist.strings; name = en; path = en.lproj/Localizable.strings; sourceTree = "<group>"; };
		4E758E0F17AEA3100000916E /* Reachability.h */ = {isa = PBXFileReference; fileEncoding = 4; lastKnownFileType = sourcecode.c.h; path = Reachability.h; sourceTree = "<group>"; };
		4E758E1017AEA3100000916E /* Reachability.m */ = {isa = PBXFileReference; fileEncoding = 4; lastKnownFileType = sourcecode.c.objc; path = Reachability.m; sourceTree = "<group>"; };
		4E8A3D7017ACF37400F49E8D /* OpenUDID.h */ = {isa = PBXFileReference; fileEncoding = 4; lastKnownFileType = sourcecode.c.h; path = OpenUDID.h; sourceTree = "<group>"; };
		4E8A3D7117ACF37400F49E8D /* OpenUDID.m */ = {isa = PBXFileReference; fileEncoding = 4; lastKnownFileType = sourcecode.c.objc; path = OpenUDID.m; sourceTree = "<group>"; };
		4E8A3D7317ACF65900F49E8D /* Vendor.h */ = {isa = PBXFileReference; lastKnownFileType = sourcecode.c.h; path = Vendor.h; sourceTree = "<group>"; };
		4E8A3D8017AD097100F49E8D /* GaryPersonalLog.h */ = {isa = PBXFileReference; fileEncoding = 4; lastKnownFileType = sourcecode.c.h; path = GaryPersonalLog.h; sourceTree = "<group>"; };
		4E8A3D8117AD097100F49E8D /* GaryPersonalLog.m */ = {isa = PBXFileReference; fileEncoding = 4; lastKnownFileType = sourcecode.c.objc; path = GaryPersonalLog.m; sourceTree = "<group>"; };
		4E8A3D8317AD0A7800F49E8D /* CategoryManager.h */ = {isa = PBXFileReference; lastKnownFileType = sourcecode.c.h; path = CategoryManager.h; sourceTree = "<group>"; };
		4E90345817D704EF00C751D6 /* AudioToolbox.framework */ = {isa = PBXFileReference; lastKnownFileType = wrapper.framework; name = AudioToolbox.framework; path = System/Library/Frameworks/AudioToolbox.framework; sourceTree = SDKROOT; };
		4E9EB87C17B220B8002CAD96 /* Default-568h@2x.png */ = {isa = PBXFileReference; lastKnownFileType = image.png; path = "Default-568h@2x.png"; sourceTree = "<group>"; };
		4E9EB87D17B220B8002CAD96 /* Default.png */ = {isa = PBXFileReference; lastKnownFileType = image.png; path = Default.png; sourceTree = "<group>"; };
		4E9EB87E17B220B8002CAD96 /* Default@2x.png */ = {isa = PBXFileReference; lastKnownFileType = image.png; path = "Default@2x.png"; sourceTree = "<group>"; };
		4E9EB87F17B220B8002CAD96 /* Icon-Small.png */ = {isa = PBXFileReference; lastKnownFileType = image.png; path = "Icon-Small.png"; sourceTree = "<group>"; };
		4E9EB88017B220B8002CAD96 /* Icon-Small@2x.png */ = {isa = PBXFileReference; lastKnownFileType = image.png; path = "Icon-Small@2x.png"; sourceTree = "<group>"; };
		4E9EB88117B220B8002CAD96 /* Icon.png */ = {isa = PBXFileReference; lastKnownFileType = image.png; path = Icon.png; sourceTree = "<group>"; };
		4E9EB88217B220B8002CAD96 /* Icon@2x.png */ = {isa = PBXFileReference; lastKnownFileType = image.png; path = "Icon@2x.png"; sourceTree = "<group>"; };
		4E9EB88B17B220EF002CAD96 /* Default-Landscape@2x~ipad.png */ = {isa = PBXFileReference; lastKnownFileType = image.png; path = "Default-Landscape@2x~ipad.png"; sourceTree = "<group>"; };
		4E9EB88C17B220EF002CAD96 /* Default-Landscape~ipad.png */ = {isa = PBXFileReference; lastKnownFileType = image.png; path = "Default-Landscape~ipad.png"; sourceTree = "<group>"; };
		4E9EB88D17B220EF002CAD96 /* Default-Portrait@2x~ipad.png */ = {isa = PBXFileReference; lastKnownFileType = image.png; path = "Default-Portrait@2x~ipad.png"; sourceTree = "<group>"; };
		4E9EB88E17B220EF002CAD96 /* Default-Portrait~ipad.png */ = {isa = PBXFileReference; lastKnownFileType = image.png; path = "Default-Portrait~ipad.png"; sourceTree = "<group>"; };
		4E9EB88F17B220EF002CAD96 /* ipad-Icon-Small.png */ = {isa = PBXFileReference; lastKnownFileType = image.png; path = "ipad-Icon-Small.png"; sourceTree = "<group>"; };
		4E9EB89017B220EF002CAD96 /* ipad-Icon-Small@2x.png */ = {isa = PBXFileReference; lastKnownFileType = image.png; path = "ipad-Icon-Small@2x.png"; sourceTree = "<group>"; };
		4E9EB89117B220EF002CAD96 /* ipad-Icon.png */ = {isa = PBXFileReference; lastKnownFileType = image.png; path = "ipad-Icon.png"; sourceTree = "<group>"; };
		4E9EB89217B220EF002CAD96 /* ipad-Icon@2x.png */ = {isa = PBXFileReference; lastKnownFileType = image.png; path = "ipad-Icon@2x.png"; sourceTree = "<group>"; };
		4EAC4B7117AE6715004A8E95 /* AFHTTPClient.h */ = {isa = PBXFileReference; fileEncoding = 4; lastKnownFileType = sourcecode.c.h; path = AFHTTPClient.h; sourceTree = "<group>"; };
		4EAC4B7217AE6715004A8E95 /* AFHTTPClient.m */ = {isa = PBXFileReference; fileEncoding = 4; lastKnownFileType = sourcecode.c.objc; path = AFHTTPClient.m; sourceTree = "<group>"; };
		4EAC4B7317AE6715004A8E95 /* AFHTTPRequestOperation.h */ = {isa = PBXFileReference; fileEncoding = 4; lastKnownFileType = sourcecode.c.h; path = AFHTTPRequestOperation.h; sourceTree = "<group>"; };
		4EAC4B7417AE6715004A8E95 /* AFHTTPRequestOperation.m */ = {isa = PBXFileReference; fileEncoding = 4; lastKnownFileType = sourcecode.c.objc; path = AFHTTPRequestOperation.m; sourceTree = "<group>"; };
		4EAC4B7517AE6715004A8E95 /* AFImageRequestOperation.h */ = {isa = PBXFileReference; fileEncoding = 4; lastKnownFileType = sourcecode.c.h; path = AFImageRequestOperation.h; sourceTree = "<group>"; };
		4EAC4B7617AE6715004A8E95 /* AFImageRequestOperation.m */ = {isa = PBXFileReference; fileEncoding = 4; lastKnownFileType = sourcecode.c.objc; path = AFImageRequestOperation.m; sourceTree = "<group>"; };
		4EAC4B7717AE6715004A8E95 /* AFJSONRequestOperation.h */ = {isa = PBXFileReference; fileEncoding = 4; lastKnownFileType = sourcecode.c.h; path = AFJSONRequestOperation.h; sourceTree = "<group>"; };
		4EAC4B7817AE6715004A8E95 /* AFJSONRequestOperation.m */ = {isa = PBXFileReference; fileEncoding = 4; lastKnownFileType = sourcecode.c.objc; path = AFJSONRequestOperation.m; sourceTree = "<group>"; };
		4EAC4B7917AE6715004A8E95 /* AFNetworkActivityIndicatorManager.h */ = {isa = PBXFileReference; fileEncoding = 4; lastKnownFileType = sourcecode.c.h; path = AFNetworkActivityIndicatorManager.h; sourceTree = "<group>"; };
		4EAC4B7A17AE6715004A8E95 /* AFNetworkActivityIndicatorManager.m */ = {isa = PBXFileReference; fileEncoding = 4; lastKnownFileType = sourcecode.c.objc; path = AFNetworkActivityIndicatorManager.m; sourceTree = "<group>"; };
		4EAC4B7B17AE6715004A8E95 /* AFNetworking.h */ = {isa = PBXFileReference; fileEncoding = 4; lastKnownFileType = sourcecode.c.h; path = AFNetworking.h; sourceTree = "<group>"; };
		4EAC4B7C17AE6715004A8E95 /* AFPropertyListRequestOperation.h */ = {isa = PBXFileReference; fileEncoding = 4; lastKnownFileType = sourcecode.c.h; path = AFPropertyListRequestOperation.h; sourceTree = "<group>"; };
		4EAC4B7D17AE6715004A8E95 /* AFPropertyListRequestOperation.m */ = {isa = PBXFileReference; fileEncoding = 4; lastKnownFileType = sourcecode.c.objc; path = AFPropertyListRequestOperation.m; sourceTree = "<group>"; };
		4EAC4B7E17AE6715004A8E95 /* AFURLConnectionOperation.h */ = {isa = PBXFileReference; fileEncoding = 4; lastKnownFileType = sourcecode.c.h; path = AFURLConnectionOperation.h; sourceTree = "<group>"; };
		4EAC4B7F17AE6715004A8E95 /* AFURLConnectionOperation.m */ = {isa = PBXFileReference; fileEncoding = 4; lastKnownFileType = sourcecode.c.objc; path = AFURLConnectionOperation.m; sourceTree = "<group>"; };
		4EAC4B8017AE6715004A8E95 /* AFXMLRequestOperation.h */ = {isa = PBXFileReference; fileEncoding = 4; lastKnownFileType = sourcecode.c.h; path = AFXMLRequestOperation.h; sourceTree = "<group>"; };
		4EAC4B8117AE6715004A8E95 /* AFXMLRequestOperation.m */ = {isa = PBXFileReference; fileEncoding = 4; lastKnownFileType = sourcecode.c.objc; path = AFXMLRequestOperation.m; sourceTree = "<group>"; };
		4EAC4B8217AE6715004A8E95 /* UIImageView+AFNetworking.h */ = {isa = PBXFileReference; fileEncoding = 4; lastKnownFileType = sourcecode.c.h; path = "UIImageView+AFNetworking.h"; sourceTree = "<group>"; };
		4EAC4B8317AE6715004A8E95 /* UIImageView+AFNetworking.m */ = {isa = PBXFileReference; fileEncoding = 4; lastKnownFileType = sourcecode.c.objc; path = "UIImageView+AFNetworking.m"; sourceTree = "<group>"; };
		4EAC4B8D17AE6869004A8E95 /* SystemConfiguration.framework */ = {isa = PBXFileReference; lastKnownFileType = wrapper.framework; name = SystemConfiguration.framework; path = System/Library/Frameworks/SystemConfiguration.framework; sourceTree = SDKROOT; };
		4EAC4B8F17AE6874004A8E95 /* Security.framework */ = {isa = PBXFileReference; lastKnownFileType = wrapper.framework; name = Security.framework; path = System/Library/Frameworks/Security.framework; sourceTree = SDKROOT; };
		4EAC4B9317AE695C004A8E95 /* MobileCoreServices.framework */ = {isa = PBXFileReference; lastKnownFileType = wrapper.framework; name = MobileCoreServices.framework; path = System/Library/Frameworks/MobileCoreServices.framework; sourceTree = SDKROOT; };
		4EAC4B9D17AE71BF004A8E95 /* AppDelegateHelper.h */ = {isa = PBXFileReference; fileEncoding = 4; lastKnownFileType = sourcecode.c.h; path = AppDelegateHelper.h; sourceTree = "<group>"; };
		4EAC4B9E17AE71BF004A8E95 /* AppDelegateHelper.m */ = {isa = PBXFileReference; fileEncoding = 4; lastKnownFileType = sourcecode.c.objc; path = AppDelegateHelper.m; sourceTree = "<group>"; };
		4EAC4BA017AE71BF004A8E95 /* AFAppDotNetAPIClient.h */ = {isa = PBXFileReference; fileEncoding = 4; lastKnownFileType = sourcecode.c.h; path = AFAppDotNetAPIClient.h; sourceTree = "<group>"; };
		4EAC4BA117AE71BF004A8E95 /* AFAppDotNetAPIClient.m */ = {isa = PBXFileReference; fileEncoding = 4; lastKnownFileType = sourcecode.c.objc; path = AFAppDotNetAPIClient.m; sourceTree = "<group>"; };
		4EAC4BA517AE7395004A8E95 /* CBFileWatcher.h */ = {isa = PBXFileReference; fileEncoding = 4; lastKnownFileType = sourcecode.c.h; path = CBFileWatcher.h; sourceTree = "<group>"; };
		4EAC4BA617AE7395004A8E95 /* CBFileWatcher.m */ = {isa = PBXFileReference; fileEncoding = 4; lastKnownFileType = sourcecode.c.objc; path = CBFileWatcher.m; sourceTree = "<group>"; };
		4EAC4BA717AE7395004A8E95 /* CBIntrospect.h */ = {isa = PBXFileReference; fileEncoding = 4; lastKnownFileType = sourcecode.c.h; path = CBIntrospect.h; sourceTree = "<group>"; };
		4EAC4BA817AE7395004A8E95 /* CBIntrospect.m */ = {isa = PBXFileReference; fileEncoding = 4; lastKnownFileType = sourcecode.c.objc; path = CBIntrospect.m; sourceTree = "<group>"; };
		4EAC4BA917AE7395004A8E95 /* CBIntrospectConstants.h */ = {isa = PBXFileReference; fileEncoding = 4; lastKnownFileType = sourcecode.c.h; path = CBIntrospectConstants.h; sourceTree = "<group>"; };
		4EAC4BAA17AE7395004A8E95 /* CBMacros.h */ = {isa = PBXFileReference; fileEncoding = 4; lastKnownFileType = sourcecode.c.h; path = CBMacros.h; sourceTree = "<group>"; };
		4EAC4BAB17AE7395004A8E95 /* DCCrossHairView.h */ = {isa = PBXFileReference; fileEncoding = 4; lastKnownFileType = sourcecode.c.h; path = DCCrossHairView.h; sourceTree = "<group>"; };
		4EAC4BAC17AE7395004A8E95 /* DCCrossHairView.m */ = {isa = PBXFileReference; fileEncoding = 4; lastKnownFileType = sourcecode.c.objc; path = DCCrossHairView.m; sourceTree = "<group>"; };
		4EAC4BAD17AE7395004A8E95 /* DCFrameView.h */ = {isa = PBXFileReference; fileEncoding = 4; lastKnownFileType = sourcecode.c.h; path = DCFrameView.h; sourceTree = "<group>"; };
		4EAC4BAE17AE7395004A8E95 /* DCFrameView.m */ = {isa = PBXFileReference; fileEncoding = 4; lastKnownFileType = sourcecode.c.objc; path = DCFrameView.m; sourceTree = "<group>"; };
		4EAC4BAF17AE7395004A8E95 /* DCIntrospect.h */ = {isa = PBXFileReference; fileEncoding = 4; lastKnownFileType = sourcecode.c.h; path = DCIntrospect.h; sourceTree = "<group>"; };
		4EAC4BB017AE7395004A8E95 /* DCIntrospect.m */ = {isa = PBXFileReference; fileEncoding = 4; lastKnownFileType = sourcecode.c.objc; path = DCIntrospect.m; sourceTree = "<group>"; };
		4EAC4BB117AE7395004A8E95 /* DCIntrospectSettings.h */ = {isa = PBXFileReference; fileEncoding = 4; lastKnownFileType = sourcecode.c.h; path = DCIntrospectSettings.h; sourceTree = "<group>"; };
		4EAC4BB217AE7395004A8E95 /* DCStatusBarOverlay.h */ = {isa = PBXFileReference; fileEncoding = 4; lastKnownFileType = sourcecode.c.h; path = DCStatusBarOverlay.h; sourceTree = "<group>"; };
		4EAC4BB317AE7395004A8E95 /* DCStatusBarOverlay.m */ = {isa = PBXFileReference; fileEncoding = 4; lastKnownFileType = sourcecode.c.objc; path = DCStatusBarOverlay.m; sourceTree = "<group>"; };
		4EAC4BB417AE7395004A8E95 /* DCUtility.h */ = {isa = PBXFileReference; fileEncoding = 4; lastKnownFileType = sourcecode.c.h; path = DCUtility.h; sourceTree = "<group>"; };
		4EAC4BB517AE7395004A8E95 /* DCUtility.m */ = {isa = PBXFileReference; fileEncoding = 4; lastKnownFileType = sourcecode.c.objc; path = DCUtility.m; sourceTree = "<group>"; };
		4EAC4BB617AE7395004A8E95 /* DLInvocationResult.h */ = {isa = PBXFileReference; fileEncoding = 4; lastKnownFileType = sourcecode.c.h; path = DLInvocationResult.h; sourceTree = "<group>"; };
		4EAC4BB717AE7395004A8E95 /* DLInvocationResult.m */ = {isa = PBXFileReference; fileEncoding = 4; lastKnownFileType = sourcecode.c.objc; path = DLInvocationResult.m; sourceTree = "<group>"; };
		4EAC4BB817AE7395004A8E95 /* DLStatementParser.h */ = {isa = PBXFileReference; fileEncoding = 4; lastKnownFileType = sourcecode.c.h; path = DLStatementParser.h; sourceTree = "<group>"; };
		4EAC4BB917AE7395004A8E95 /* DLStatementParser.m */ = {isa = PBXFileReference; fileEncoding = 4; lastKnownFileType = sourcecode.c.objc; path = DLStatementParser.m; sourceTree = "<group>"; };
		4EAC4BBA17AE7395004A8E95 /* NSObject+JSON.h */ = {isa = PBXFileReference; fileEncoding = 4; lastKnownFileType = sourcecode.c.h; path = "NSObject+JSON.h"; sourceTree = "<group>"; };
		4EAC4BBB17AE7395004A8E95 /* NSObject+JSON.m */ = {isa = PBXFileReference; fileEncoding = 4; lastKnownFileType = sourcecode.c.objc; path = "NSObject+JSON.m"; sourceTree = "<group>"; };
		4EAC4BBC17AE7395004A8E95 /* UIView+Introspector.h */ = {isa = PBXFileReference; fileEncoding = 4; lastKnownFileType = sourcecode.c.h; path = "UIView+Introspector.h"; sourceTree = "<group>"; };
		4EAC4BBD17AE7395004A8E95 /* UIView+Introspector.m */ = {isa = PBXFileReference; fileEncoding = 4; lastKnownFileType = sourcecode.c.objc; path = "UIView+Introspector.m"; sourceTree = "<group>"; };
		4EAC4BBE17AE7395004A8E95 /* UIWindow+Introspector.h */ = {isa = PBXFileReference; fileEncoding = 4; lastKnownFileType = sourcecode.c.h; path = "UIWindow+Introspector.h"; sourceTree = "<group>"; };
		4EAC4BBF17AE7395004A8E95 /* UIWindow+Introspector.m */ = {isa = PBXFileReference; fileEncoding = 4; lastKnownFileType = sourcecode.c.objc; path = "UIWindow+Introspector.m"; sourceTree = "<group>"; };
		4EAC4BCC17AE73AD004A8E95 /* QuartzCore.framework */ = {isa = PBXFileReference; lastKnownFileType = wrapper.framework; name = QuartzCore.framework; path = System/Library/Frameworks/QuartzCore.framework; sourceTree = SDKROOT; };
		4EAC4BE417AE8070004A8E95 /* AVFoundation.framework */ = {isa = PBXFileReference; lastKnownFileType = wrapper.framework; name = AVFoundation.framework; path = System/Library/Frameworks/AVFoundation.framework; sourceTree = SDKROOT; };
		4EAC4BEA17AE82B8004A8E95 /* sound1.caf */ = {isa = PBXFileReference; lastKnownFileType = file; path = sound1.caf; sourceTree = "<group>"; };
		4EAC4BEB17AE82B8004A8E95 /* sound2.caf */ = {isa = PBXFileReference; lastKnownFileType = file; path = sound2.caf; sourceTree = "<group>"; };
		4EAC4BEC17AE82B8004A8E95 /* track1.caf */ = {isa = PBXFileReference; lastKnownFileType = file; path = track1.caf; sourceTree = "<group>"; };
		4EAC4BED17AE82B8004A8E95 /* track2.caf */ = {isa = PBXFileReference; lastKnownFileType = file; path = track2.caf; sourceTree = "<group>"; };
		4EAC4BF717AE82C8004A8E95 /* betting.mp3 */ = {isa = PBXFileReference; lastKnownFileType = audio.mp3; path = betting.mp3; sourceTree = "<group>"; };
		4EAC4BF817AE82C8004A8E95 /* random.mp3 */ = {isa = PBXFileReference; lastKnownFileType = audio.mp3; path = random.mp3; sourceTree = "<group>"; };
		4EAC4BF917AE82C8004A8E95 /* tap.aif */ = {isa = PBXFileReference; lastKnownFileType = file; path = tap.aif; sourceTree = "<group>"; };
		4EAC4C0017AE82D8004A8E95 /* SoundManager.h */ = {isa = PBXFileReference; fileEncoding = 4; lastKnownFileType = sourcecode.c.h; path = SoundManager.h; sourceTree = "<group>"; };
		4EAC4C0117AE82D8004A8E95 /* SoundManager.m */ = {isa = PBXFileReference; fileEncoding = 4; lastKnownFileType = sourcecode.c.objc; path = SoundManager.m; sourceTree = "<group>"; };
		4EB28739182B2335009DFB2A /* NavBar64@2x.png */ = {isa = PBXFileReference; lastKnownFileType = image.png; path = "NavBar64@2x.png"; sourceTree = "<group>"; };
		4EB70F6B17CF7AAC00884F37 /* AKTab.h */ = {isa = PBXFileReference; fileEncoding = 4; lastKnownFileType = sourcecode.c.h; path = AKTab.h; sourceTree = "<group>"; };
		4EB70F6C17CF7AAC00884F37 /* AKTab.m */ = {isa = PBXFileReference; fileEncoding = 4; lastKnownFileType = sourcecode.c.objc; path = AKTab.m; sourceTree = "<group>"; };
		4EB70F6D17CF7AAC00884F37 /* AKTabBar.h */ = {isa = PBXFileReference; fileEncoding = 4; lastKnownFileType = sourcecode.c.h; path = AKTabBar.h; sourceTree = "<group>"; };
		4EB70F6E17CF7AAC00884F37 /* AKTabBar.m */ = {isa = PBXFileReference; fileEncoding = 4; lastKnownFileType = sourcecode.c.objc; path = AKTabBar.m; sourceTree = "<group>"; };
		4EB70F6F17CF7AAC00884F37 /* AKTabBarController.bundle */ = {isa = PBXFileReference; lastKnownFileType = "wrapper.plug-in"; path = AKTabBarController.bundle; sourceTree = "<group>"; };
		4EB70F7017CF7AAC00884F37 /* AKTabBarController.h */ = {isa = PBXFileReference; fileEncoding = 4; lastKnownFileType = sourcecode.c.h; path = AKTabBarController.h; sourceTree = "<group>"; };
		4EB70F7117CF7AAC00884F37 /* AKTabBarController.m */ = {isa = PBXFileReference; fileEncoding = 4; lastKnownFileType = sourcecode.c.objc; path = AKTabBarController.m; sourceTree = "<group>"; };
		4EB70F7217CF7AAC00884F37 /* AKTabBarView.h */ = {isa = PBXFileReference; fileEncoding = 4; lastKnownFileType = sourcecode.c.h; path = AKTabBarView.h; sourceTree = "<group>"; };
		4EB70F7317CF7AAC00884F37 /* AKTabBarView.m */ = {isa = PBXFileReference; fileEncoding = 4; lastKnownFileType = sourcecode.c.objc; path = AKTabBarView.m; sourceTree = "<group>"; };
		4EB70F7417CF7AAC00884F37 /* UINavigationController+AKTabBarController.h */ = {isa = PBXFileReference; fileEncoding = 4; lastKnownFileType = sourcecode.c.h; path = "UINavigationController+AKTabBarController.h"; sourceTree = "<group>"; };
		4EB70F7517CF7AAC00884F37 /* UINavigationController+AKTabBarController.m */ = {isa = PBXFileReference; fileEncoding = 4; lastKnownFileType = sourcecode.c.objc; path = "UINavigationController+AKTabBarController.m"; sourceTree = "<group>"; };
		4EB70F7617CF7AAC00884F37 /* UIViewController+AKTabBarController.h */ = {isa = PBXFileReference; fileEncoding = 4; lastKnownFileType = sourcecode.c.h; path = "UIViewController+AKTabBarController.h"; sourceTree = "<group>"; };
		4EB70F7717CF7AAD00884F37 /* UIViewController+AKTabBarController.m */ = {isa = PBXFileReference; fileEncoding = 4; lastKnownFileType = sourcecode.c.objc; path = "UIViewController+AKTabBarController.m"; sourceTree = "<group>"; };
		4EB7615317D0322D00031C4B /* ContentViewController.h */ = {isa = PBXFileReference; fileEncoding = 4; lastKnownFileType = sourcecode.c.h; path = ContentViewController.h; sourceTree = "<group>"; };
		4EB7615417D0322D00031C4B /* ContentViewController.m */ = {isa = PBXFileReference; fileEncoding = 4; lastKnownFileType = sourcecode.c.objc; path = ContentViewController.m; sourceTree = "<group>"; };
		4EB7615517D0322D00031C4B /* FourthViewController.h */ = {isa = PBXFileReference; fileEncoding = 4; lastKnownFileType = sourcecode.c.h; path = FourthViewController.h; sourceTree = "<group>"; };
		4EB7615617D0322D00031C4B /* FourthViewController.m */ = {isa = PBXFileReference; fileEncoding = 4; lastKnownFileType = sourcecode.c.objc; path = FourthViewController.m; sourceTree = "<group>"; };
		4EB7615717D0322D00031C4B /* SecondViewController.h */ = {isa = PBXFileReference; fileEncoding = 4; lastKnownFileType = sourcecode.c.h; path = SecondViewController.h; sourceTree = "<group>"; };
		4EB7615817D0322D00031C4B /* SecondViewController.m */ = {isa = PBXFileReference; fileEncoding = 4; lastKnownFileType = sourcecode.c.objc; path = SecondViewController.m; sourceTree = "<group>"; };
		4EB7615917D0322D00031C4B /* ThirdViewController.h */ = {isa = PBXFileReference; fileEncoding = 4; lastKnownFileType = sourcecode.c.h; path = ThirdViewController.h; sourceTree = "<group>"; };
		4EB7615A17D0322D00031C4B /* ThirdViewController.m */ = {isa = PBXFileReference; fileEncoding = 4; lastKnownFileType = sourcecode.c.objc; path = ThirdViewController.m; sourceTree = "<group>"; };
		4EB7616417D043FB00031C4B /* image-1-active.png */ = {isa = PBXFileReference; lastKnownFileType = image.png; path = "image-1-active.png"; sourceTree = "<group>"; };
		4EB7616517D043FB00031C4B /* image-1-active@2x.png */ = {isa = PBXFileReference; lastKnownFileType = image.png; path = "image-1-active@2x.png"; sourceTree = "<group>"; };
		4EB7616617D043FB00031C4B /* image-1.png */ = {isa = PBXFileReference; lastKnownFileType = image.png; path = "image-1.png"; sourceTree = "<group>"; };
		4EB7616717D043FB00031C4B /* image-1@2x.png */ = {isa = PBXFileReference; lastKnownFileType = image.png; path = "image-1@2x.png"; sourceTree = "<group>"; };
		4EB7616817D043FB00031C4B /* image-2.png */ = {isa = PBXFileReference; lastKnownFileType = image.png; path = "image-2.png"; sourceTree = "<group>"; };
		4EB7616917D043FB00031C4B /* image-2@2x.png */ = {isa = PBXFileReference; lastKnownFileType = image.png; path = "image-2@2x.png"; sourceTree = "<group>"; };
		4EB7616A17D043FB00031C4B /* image-3.png */ = {isa = PBXFileReference; lastKnownFileType = image.png; path = "image-3.png"; sourceTree = "<group>"; };
		4EB7616B17D043FB00031C4B /* image-3@2x.png */ = {isa = PBXFileReference; lastKnownFileType = image.png; path = "image-3@2x.png"; sourceTree = "<group>"; };
		4EB7616C17D043FB00031C4B /* image-4.png */ = {isa = PBXFileReference; lastKnownFileType = image.png; path = "image-4.png"; sourceTree = "<group>"; };
		4EB7616D17D043FB00031C4B /* image-4@2x.png */ = {isa = PBXFileReference; lastKnownFileType = image.png; path = "image-4@2x.png"; sourceTree = "<group>"; };
		4EB7616E17D043FB00031C4B /* noise-dark-blue.png */ = {isa = PBXFileReference; lastKnownFileType = image.png; path = "noise-dark-blue.png"; sourceTree = "<group>"; };
		4EB7616F17D043FB00031C4B /* noise-dark-blue@2x.png */ = {isa = PBXFileReference; lastKnownFileType = image.png; path = "noise-dark-blue@2x.png"; sourceTree = "<group>"; };
		4EB7617017D043FB00031C4B /* noise-dark-gray.png */ = {isa = PBXFileReference; lastKnownFileType = image.png; path = "noise-dark-gray.png"; sourceTree = "<group>"; };
		4EB7617117D043FB00031C4B /* noise-dark-gray@2x.png */ = {isa = PBXFileReference; lastKnownFileType = image.png; path = "noise-dark-gray@2x.png"; sourceTree = "<group>"; };
		4EB7617217D043FC00031C4B /* noise-dark-green.png */ = {isa = PBXFileReference; lastKnownFileType = image.png; path = "noise-dark-green.png"; sourceTree = "<group>"; };
		4EB7617317D043FC00031C4B /* noise-dark-green@2x.png */ = {isa = PBXFileReference; lastKnownFileType = image.png; path = "noise-dark-green@2x.png"; sourceTree = "<group>"; };
		4EB7617417D043FC00031C4B /* sample-center-image@2x.png */ = {isa = PBXFileReference; lastKnownFileType = image.png; path = "sample-center-image@2x.png"; sourceTree = "<group>"; };
		4EB7618717D0649C00031C4B /* NavBar@2x.png */ = {isa = PBXFileReference; lastKnownFileType = image.png; path = "NavBar@2x.png"; sourceTree = "<group>"; };
		4EB7618917D06B1700031C4B /* zixunBar@2x.png */ = {isa = PBXFileReference; lastKnownFileType = image.png; path = "zixunBar@2x.png"; sourceTree = "<group>"; };
		4EBB1AC917ACBB0D0080ED23 /* Architecture.app */ = {isa = PBXFileReference; explicitFileType = wrapper.application; includeInIndex = 0; path = Architecture.app; sourceTree = BUILT_PRODUCTS_DIR; };
		4EBB1ACC17ACBB0D0080ED23 /* UIKit.framework */ = {isa = PBXFileReference; lastKnownFileType = wrapper.framework; name = UIKit.framework; path = System/Library/Frameworks/UIKit.framework; sourceTree = SDKROOT; };
		4EBB1ACE17ACBB0D0080ED23 /* Foundation.framework */ = {isa = PBXFileReference; lastKnownFileType = wrapper.framework; name = Foundation.framework; path = System/Library/Frameworks/Foundation.framework; sourceTree = SDKROOT; };
		4EBB1AD017ACBB0D0080ED23 /* CoreGraphics.framework */ = {isa = PBXFileReference; lastKnownFileType = wrapper.framework; name = CoreGraphics.framework; path = System/Library/Frameworks/CoreGraphics.framework; sourceTree = SDKROOT; };
		4EBB1AD417ACBB0D0080ED23 /* Architecture-Info.plist */ = {isa = PBXFileReference; lastKnownFileType = text.plist.xml; path = "Architecture-Info.plist"; sourceTree = "<group>"; };
		4EBB1AD617ACBB0D0080ED23 /* en */ = {isa = PBXFileReference; lastKnownFileType = text.plist.strings; name = en; path = en.lproj/InfoPlist.strings; sourceTree = "<group>"; };
		4EBB1AD817ACBB0D0080ED23 /* main.m */ = {isa = PBXFileReference; lastKnownFileType = sourcecode.c.objc; path = main.m; sourceTree = "<group>"; };
		4EBB1ADA17ACBB0D0080ED23 /* Architecture-Prefix.pch */ = {isa = PBXFileReference; lastKnownFileType = sourcecode.c.h; path = "Architecture-Prefix.pch"; sourceTree = "<group>"; };
		4EBB1ADB17ACBB0D0080ED23 /* AppDelegate.h */ = {isa = PBXFileReference; lastKnownFileType = sourcecode.c.h; path = AppDelegate.h; sourceTree = "<group>"; };
		4EBB1ADC17ACBB0D0080ED23 /* AppDelegate.m */ = {isa = PBXFileReference; lastKnownFileType = sourcecode.c.objc; path = AppDelegate.m; sourceTree = "<group>"; };
		4EBB1AE417ACBB0D0080ED23 /* ViewController.h */ = {isa = PBXFileReference; lastKnownFileType = sourcecode.c.h; path = ViewController.h; sourceTree = "<group>"; };
		4EBB1AE517ACBB0D0080ED23 /* ViewController.m */ = {isa = PBXFileReference; lastKnownFileType = sourcecode.c.objc; path = ViewController.m; sourceTree = "<group>"; };
		4EBB1AE817ACBB0D0080ED23 /* en */ = {isa = PBXFileReference; lastKnownFileType = file.xib; name = en; path = en.lproj/ViewController_iPhone.xib; sourceTree = "<group>"; };
		4EBB1AEB17ACBB0D0080ED23 /* en */ = {isa = PBXFileReference; lastKnownFileType = file.xib; name = en; path = en.lproj/ViewController_iPad.xib; sourceTree = "<group>"; };
		4EBB1AF217ACBB0D0080ED23 /* ArchitectureTests.octest */ = {isa = PBXFileReference; explicitFileType = wrapper.cfbundle; includeInIndex = 0; path = ArchitectureTests.octest; sourceTree = BUILT_PRODUCTS_DIR; };
		4EBB1AF317ACBB0D0080ED23 /* SenTestingKit.framework */ = {isa = PBXFileReference; lastKnownFileType = wrapper.framework; name = SenTestingKit.framework; path = Library/Frameworks/SenTestingKit.framework; sourceTree = DEVELOPER_DIR; };
		4EBB1AFB17ACBB0D0080ED23 /* ArchitectureTests-Info.plist */ = {isa = PBXFileReference; lastKnownFileType = text.plist.xml; path = "ArchitectureTests-Info.plist"; sourceTree = "<group>"; };
		4EBB1AFD17ACBB0D0080ED23 /* en */ = {isa = PBXFileReference; lastKnownFileType = text.plist.strings; name = en; path = en.lproj/InfoPlist.strings; sourceTree = "<group>"; };
		4EBB1AFF17ACBB0D0080ED23 /* ArchitectureTests.h */ = {isa = PBXFileReference; lastKnownFileType = sourcecode.c.h; path = ArchitectureTests.h; sourceTree = "<group>"; };
		4EBB1B0017ACBB0D0080ED23 /* ArchitectureTests.m */ = {isa = PBXFileReference; lastKnownFileType = sourcecode.c.objc; path = ArchitectureTests.m; sourceTree = "<group>"; };
		4EBE34CB183B6758001204E7 /* APIManage.h */ = {isa = PBXFileReference; fileEncoding = 4; lastKnownFileType = sourcecode.c.h; path = APIManage.h; sourceTree = "<group>"; };
		4EBE34CC183B6758001204E7 /* AppConfigManage.h */ = {isa = PBXFileReference; fileEncoding = 4; lastKnownFileType = sourcecode.c.h; path = AppConfigManage.h; sourceTree = "<group>"; };
		4EBE34CD183B6758001204E7 /* RequestAddressManage.h */ = {isa = PBXFileReference; fileEncoding = 4; lastKnownFileType = sourcecode.c.h; path = RequestAddressManage.h; sourceTree = "<group>"; };
		4EBE34CE183B6758001204E7 /* ShorthandMethodManage.h */ = {isa = PBXFileReference; fileEncoding = 4; lastKnownFileType = sourcecode.c.h; path = ShorthandMethodManage.h; sourceTree = "<group>"; };
		4EBE34CF183B6758001204E7 /* Singleton.h */ = {isa = PBXFileReference; fileEncoding = 4; lastKnownFileType = sourcecode.c.h; path = Singleton.h; sourceTree = "<group>"; };
		4EBE34D0183B6758001204E7 /* DefineFileManager.h */ = {isa = PBXFileReference; fileEncoding = 4; lastKnownFileType = sourcecode.c.h; path = DefineFileManager.h; sourceTree = "<group>"; };
		4EC62614183C48920046EE43 /* NSString+Category.h */ = {isa = PBXFileReference; fileEncoding = 4; lastKnownFileType = sourcecode.c.h; path = "NSString+Category.h"; sourceTree = "<group>"; };
		4EC62615183C48920046EE43 /* NSString+Category.m */ = {isa = PBXFileReference; fileEncoding = 4; lastKnownFileType = sourcecode.c.objc; path = "NSString+Category.m"; sourceTree = "<group>"; };
		4EC62616183C48920046EE43 /* UIButton+Category.h */ = {isa = PBXFileReference; fileEncoding = 4; lastKnownFileType = sourcecode.c.h; path = "UIButton+Category.h"; sourceTree = "<group>"; };
		4EC62617183C48920046EE43 /* UIButton+Category.m */ = {isa = PBXFileReference; fileEncoding = 4; lastKnownFileType = sourcecode.c.objc; path = "UIButton+Category.m"; sourceTree = "<group>"; };
		4EC62618183C48920046EE43 /* UIColor+Colours.h */ = {isa = PBXFileReference; fileEncoding = 4; lastKnownFileType = sourcecode.c.h; path = "UIColor+Colours.h"; sourceTree = "<group>"; };
		4EC62619183C48920046EE43 /* UIColor+Colours.m */ = {isa = PBXFileReference; fileEncoding = 4; lastKnownFileType = sourcecode.c.objc; path = "UIColor+Colours.m"; sourceTree = "<group>"; };
		4EC6261A183C48920046EE43 /* UIDevice+SystemInfo.h */ = {isa = PBXFileReference; fileEncoding = 4; lastKnownFileType = sourcecode.c.h; path = "UIDevice+SystemInfo.h"; sourceTree = "<group>"; };
		4EC6261B183C48920046EE43 /* UIDevice+SystemInfo.m */ = {isa = PBXFileReference; fileEncoding = 4; lastKnownFileType = sourcecode.c.objc; path = "UIDevice+SystemInfo.m"; sourceTree = "<group>"; };
		4ECD3F6F17AE366F003B9B42 /* RegularVerification.h */ = {isa = PBXFileReference; fileEncoding = 4; lastKnownFileType = sourcecode.c.h; path = RegularVerification.h; sourceTree = "<group>"; };
		4ECD3F7017AE366F003B9B42 /* RegularVerification.m */ = {isa = PBXFileReference; fileEncoding = 4; lastKnownFileType = sourcecode.c.objc; path = RegularVerification.m; sourceTree = "<group>"; };
		4ECD3F7817AE466A003B9B42 /* iPad_View */ = {isa = PBXFileReference; fileEncoding = 4; lastKnownFileType = text; path = iPad_View; sourceTree = "<group>"; };
/* End PBXFileReference section */

/* Begin PBXFrameworksBuildPhase section */
		4EBB1AC617ACBB0D0080ED23 /* Frameworks */ = {
			isa = PBXFrameworksBuildPhase;
			buildActionMask = 2147483647;
			files = (
				4E90345917D704EF00C751D6 /* AudioToolbox.framework in Frameworks */,
				4EAC4BE517AE8070004A8E95 /* AVFoundation.framework in Frameworks */,
				4EAC4BCD17AE73AD004A8E95 /* QuartzCore.framework in Frameworks */,
				4EAC4B9417AE695C004A8E95 /* MobileCoreServices.framework in Frameworks */,
				4EAC4B9017AE6874004A8E95 /* Security.framework in Frameworks */,
				4EAC4B8E17AE686A004A8E95 /* SystemConfiguration.framework in Frameworks */,
				4EBB1ACD17ACBB0D0080ED23 /* UIKit.framework in Frameworks */,
				4EBB1ACF17ACBB0D0080ED23 /* Foundation.framework in Frameworks */,
				4EBB1AD117ACBB0D0080ED23 /* CoreGraphics.framework in Frameworks */,
			);
			runOnlyForDeploymentPostprocessing = 0;
		};
		4EBB1AEE17ACBB0D0080ED23 /* Frameworks */ = {
			isa = PBXFrameworksBuildPhase;
			buildActionMask = 2147483647;
			files = (
				4EBB1AF417ACBB0D0080ED23 /* SenTestingKit.framework in Frameworks */,
				4EBB1AF517ACBB0D0080ED23 /* UIKit.framework in Frameworks */,
				4EBB1AF617ACBB0D0080ED23 /* Foundation.framework in Frameworks */,
			);
			runOnlyForDeploymentPostprocessing = 0;
		};
/* End PBXFrameworksBuildPhase section */

/* Begin PBXGroup section */
		4E0FD24C17D0BDDB0039780A /* FontTTF */ = {
			isa = PBXGroup;
			children = (
				4E0FD24D17D0BDDB0039780A /* digital-7.ttf */,
			);
			path = FontTTF;
			sourceTree = "<group>";
		};
		4E758E0E17AEA3100000916E /* Reachability */ = {
			isa = PBXGroup;
			children = (
				4E758E0F17AEA3100000916E /* Reachability.h */,
				4E758E1017AEA3100000916E /* Reachability.m */,
			);
			path = Reachability;
			sourceTree = "<group>";
		};
		4E8A3D6D17ACF33100F49E8D /* Library */ = {
			isa = PBXGroup;
			children = (
				4EB70F6917CF7AAC00884F37 /* UI */,
				4EAC4BFE17AE82D7004A8E95 /* Sound */,
				4EAC4B5017AE5C34004A8E95 /* NetWork */,
				4E8A3D6E17ACF36100F49E8D /* Device */,
				4E8A3D7317ACF65900F49E8D /* Vendor.h */,
			);
			path = Library;
			sourceTree = "<group>";
		};
		4E8A3D6E17ACF36100F49E8D /* Device */ = {
			isa = PBXGroup;
			children = (
				4E8A3D6F17ACF37400F49E8D /* OpenUDID */,
			);
			path = Device;
			sourceTree = "<group>";
		};
		4E8A3D6F17ACF37400F49E8D /* OpenUDID */ = {
			isa = PBXGroup;
			children = (
				4E8A3D7017ACF37400F49E8D /* OpenUDID.h */,
				4E8A3D7117ACF37400F49E8D /* OpenUDID.m */,
			);
			path = OpenUDID;
			sourceTree = "<group>";
		};
		4E8A3D7717AD07A800F49E8D /* Category */ = {
			isa = PBXGroup;
			children = (
				4EC62613183C48920046EE43 /* CategoryFile */,
				4E8A3D8317AD0A7800F49E8D /* CategoryManager.h */,
			);
			path = Category;
			sourceTree = "<group>";
		};
		4E8A3D7F17AD097000F49E8D /* GaryPersonaManage */ = {
			isa = PBXGroup;
			children = (
				4E8A3D8017AD097100F49E8D /* GaryPersonalLog.h */,
				4E8A3D8117AD097100F49E8D /* GaryPersonalLog.m */,
			);
			path = GaryPersonaManage;
			sourceTree = "<group>";
		};
		4E8A3D8417AD0F8E00F49E8D /* Resource */ = {
			isa = PBXGroup;
			children = (
				4E0FD24C17D0BDDB0039780A /* FontTTF */,
				4EAC4BF317AE82C8004A8E95 /* iPhone_Resource */,
				4EAC4BE617AE82B8004A8E95 /* iPad_Resource */,
			);
			path = Resource;
			sourceTree = "<group>";
		};
		4E8A3D8717AD0FC400F49E8D /* iPad_View */ = {
			isa = PBXGroup;
			children = (
				4ECD3F7817AE466A003B9B42 /* iPad_View */,
			);
			path = iPad_View;
			sourceTree = "<group>";
		};
		4E8A3D8817AD0FC400F49E8D /* iPhone_View */ = {
			isa = PBXGroup;
			children = (
				4EB7615317D0322D00031C4B /* ContentViewController.h */,
				4EB7615417D0322D00031C4B /* ContentViewController.m */,
				4EB7615517D0322D00031C4B /* FourthViewController.h */,
				4EB7615617D0322D00031C4B /* FourthViewController.m */,
				4EB7615717D0322D00031C4B /* SecondViewController.h */,
				4EB7615817D0322D00031C4B /* SecondViewController.m */,
				4EB7615917D0322D00031C4B /* ThirdViewController.h */,
				4EB7615A17D0322D00031C4B /* ThirdViewController.m */,
			);
			path = iPhone_View;
			sourceTree = "<group>";
		};
		4E9EB87B17B220B8002CAD96 /* iPhone_Logo */ = {
			isa = PBXGroup;
			children = (
				4E2115E0182A3155007AECB7 /* ios7_app_icon_iphone@2x.png */,
				4E2115E1182A3155007AECB7 /* ios7_spotlight_icon@2x.png */,
				4E0FD25117D0C5570039780A /* icare_iphone_lightline.png */,
				4E0FD25217D0C5570039780A /* icare_iphone_lightline@2x.png */,
				4E0FD25317D0C5570039780A /* icare_iphone_lightpoint.png */,
				4E0FD25417D0C5570039780A /* icare_iphone_lightpoint@2x.png */,
				4E9EB87C17B220B8002CAD96 /* Default-568h@2x.png */,
				4E9EB87D17B220B8002CAD96 /* Default.png */,
				4E9EB87E17B220B8002CAD96 /* Default@2x.png */,
				4E9EB87F17B220B8002CAD96 /* Icon-Small.png */,
				4E9EB88017B220B8002CAD96 /* Icon-Small@2x.png */,
				4E9EB88117B220B8002CAD96 /* Icon.png */,
				4E9EB88217B220B8002CAD96 /* Icon@2x.png */,
			);
			path = iPhone_Logo;
			sourceTree = "<group>";
		};
		4E9EB88A17B220EF002CAD96 /* iPad_Logo */ = {
			isa = PBXGroup;
			children = (
				4E2115F8182A31B6007AECB7 /* Default-ios7-Landscape@2x~ipad.png */,
				4E2115F9182A31B6007AECB7 /* Default-ios7-Landscape~ipad.png */,
				4E2115FA182A31B6007AECB7 /* Default-ios7-Portrait@2x~ipad.png */,
				4E2115FB182A31B6007AECB7 /* Default-ios7-Portrait~ipad.png */,
				4E2115FC182A31B6007AECB7 /* ios7_app_icon_ipad.png */,
				4E2115FD182A31B6007AECB7 /* ios7_app_icon_ipad@2x.png */,
				4E2115FE182A31B6007AECB7 /* ios7_spotlight_icon_ipad.png */,
				4E2115FF182A31B6007AECB7 /* ios7_spotlight_icon_ipad@2x.png */,
				4E211600182A31B6007AECB7 /* Settings_icon_ipad.png */,
				4E211601182A31B6007AECB7 /* Settings_icon_ipad@2x.png */,
				4E9EB88B17B220EF002CAD96 /* Default-Landscape@2x~ipad.png */,
				4E9EB88C17B220EF002CAD96 /* Default-Landscape~ipad.png */,
				4E9EB88D17B220EF002CAD96 /* Default-Portrait@2x~ipad.png */,
				4E9EB88E17B220EF002CAD96 /* Default-Portrait~ipad.png */,
				4E9EB88F17B220EF002CAD96 /* ipad-Icon-Small.png */,
				4E9EB89017B220EF002CAD96 /* ipad-Icon-Small@2x.png */,
				4E9EB89117B220EF002CAD96 /* ipad-Icon.png */,
				4E9EB89217B220EF002CAD96 /* ipad-Icon@2x.png */,
			);
			path = iPad_Logo;
			sourceTree = "<group>";
		};
		4EAC4B5017AE5C34004A8E95 /* NetWork */ = {
			isa = PBXGroup;
			children = (
				4E758E0E17AEA3100000916E /* Reachability */,
				4EAC4B7017AE6715004A8E95 /* AFNetworking */,
			);
			path = NetWork;
			sourceTree = "<group>";
		};
		4EAC4B7017AE6715004A8E95 /* AFNetworking */ = {
			isa = PBXGroup;
			children = (
				4EAC4B7117AE6715004A8E95 /* AFHTTPClient.h */,
				4EAC4B7217AE6715004A8E95 /* AFHTTPClient.m */,
				4EAC4B7317AE6715004A8E95 /* AFHTTPRequestOperation.h */,
				4EAC4B7417AE6715004A8E95 /* AFHTTPRequestOperation.m */,
				4EAC4B7517AE6715004A8E95 /* AFImageRequestOperation.h */,
				4EAC4B7617AE6715004A8E95 /* AFImageRequestOperation.m */,
				4EAC4B7717AE6715004A8E95 /* AFJSONRequestOperation.h */,
				4EAC4B7817AE6715004A8E95 /* AFJSONRequestOperation.m */,
				4EAC4B7917AE6715004A8E95 /* AFNetworkActivityIndicatorManager.h */,
				4EAC4B7A17AE6715004A8E95 /* AFNetworkActivityIndicatorManager.m */,
				4EAC4B7B17AE6715004A8E95 /* AFNetworking.h */,
				4EAC4B7C17AE6715004A8E95 /* AFPropertyListRequestOperation.h */,
				4EAC4B7D17AE6715004A8E95 /* AFPropertyListRequestOperation.m */,
				4EAC4B7E17AE6715004A8E95 /* AFURLConnectionOperation.h */,
				4EAC4B7F17AE6715004A8E95 /* AFURLConnectionOperation.m */,
				4EAC4B8017AE6715004A8E95 /* AFXMLRequestOperation.h */,
				4EAC4B8117AE6715004A8E95 /* AFXMLRequestOperation.m */,
				4EAC4B8217AE6715004A8E95 /* UIImageView+AFNetworking.h */,
				4EAC4B8317AE6715004A8E95 /* UIImageView+AFNetworking.m */,
			);
			path = AFNetworking;
			sourceTree = "<group>";
		};
		4EAC4B9B17AE71BF004A8E95 /* Helper */ = {
			isa = PBXGroup;
			children = (
				4EAC4B9C17AE71BF004A8E95 /* AppHelper */,
				4EAC4B9F17AE71BF004A8E95 /* NetWorkHelper */,
			);
			path = Helper;
			sourceTree = "<group>";
		};
		4EAC4B9C17AE71BF004A8E95 /* AppHelper */ = {
			isa = PBXGroup;
			children = (
				4EAC4B9D17AE71BF004A8E95 /* AppDelegateHelper.h */,
				4EAC4B9E17AE71BF004A8E95 /* AppDelegateHelper.m */,
			);
			path = AppHelper;
			sourceTree = "<group>";
		};
		4EAC4B9F17AE71BF004A8E95 /* NetWorkHelper */ = {
			isa = PBXGroup;
			children = (
				4EAC4BA017AE71BF004A8E95 /* AFAppDotNetAPIClient.h */,
				4EAC4BA117AE71BF004A8E95 /* AFAppDotNetAPIClient.m */,
			);
			path = NetWorkHelper;
			sourceTree = "<group>";
		};
		4EAC4BA417AE7395004A8E95 /* CBIntrospect */ = {
			isa = PBXGroup;
			children = (
				4EAC4BA517AE7395004A8E95 /* CBFileWatcher.h */,
				4EAC4BA617AE7395004A8E95 /* CBFileWatcher.m */,
				4EAC4BA717AE7395004A8E95 /* CBIntrospect.h */,
				4EAC4BA817AE7395004A8E95 /* CBIntrospect.m */,
				4EAC4BA917AE7395004A8E95 /* CBIntrospectConstants.h */,
				4EAC4BAA17AE7395004A8E95 /* CBMacros.h */,
				4EAC4BAB17AE7395004A8E95 /* DCCrossHairView.h */,
				4EAC4BAC17AE7395004A8E95 /* DCCrossHairView.m */,
				4EAC4BAD17AE7395004A8E95 /* DCFrameView.h */,
				4EAC4BAE17AE7395004A8E95 /* DCFrameView.m */,
				4EAC4BAF17AE7395004A8E95 /* DCIntrospect.h */,
				4EAC4BB017AE7395004A8E95 /* DCIntrospect.m */,
				4EAC4BB117AE7395004A8E95 /* DCIntrospectSettings.h */,
				4EAC4BB217AE7395004A8E95 /* DCStatusBarOverlay.h */,
				4EAC4BB317AE7395004A8E95 /* DCStatusBarOverlay.m */,
				4EAC4BB417AE7395004A8E95 /* DCUtility.h */,
				4EAC4BB517AE7395004A8E95 /* DCUtility.m */,
				4EAC4BB617AE7395004A8E95 /* DLInvocationResult.h */,
				4EAC4BB717AE7395004A8E95 /* DLInvocationResult.m */,
				4EAC4BB817AE7395004A8E95 /* DLStatementParser.h */,
				4EAC4BB917AE7395004A8E95 /* DLStatementParser.m */,
				4EAC4BBA17AE7395004A8E95 /* NSObject+JSON.h */,
				4EAC4BBB17AE7395004A8E95 /* NSObject+JSON.m */,
				4EAC4BBC17AE7395004A8E95 /* UIView+Introspector.h */,
				4EAC4BBD17AE7395004A8E95 /* UIView+Introspector.m */,
				4EAC4BBE17AE7395004A8E95 /* UIWindow+Introspector.h */,
				4EAC4BBF17AE7395004A8E95 /* UIWindow+Introspector.m */,
			);
			path = CBIntrospect;
			sourceTree = "<group>";
		};
		4EAC4BE617AE82B8004A8E95 /* iPad_Resource */ = {
			isa = PBXGroup;
			children = (
				4EAC4BE717AE82B8004A8E95 /* iPad_Image */,
				4EAC4BE917AE82B8004A8E95 /* iPad_Sound */,
			);
			path = iPad_Resource;
			sourceTree = "<group>";
		};
		4EAC4BE717AE82B8004A8E95 /* iPad_Image */ = {
			isa = PBXGroup;
			children = (
				4E9EB88A17B220EF002CAD96 /* iPad_Logo */,
			);
			path = iPad_Image;
			sourceTree = "<group>";
		};
		4EAC4BE917AE82B8004A8E95 /* iPad_Sound */ = {
			isa = PBXGroup;
			children = (
				4EAC4BEA17AE82B8004A8E95 /* sound1.caf */,
				4EAC4BEB17AE82B8004A8E95 /* sound2.caf */,
				4EAC4BEC17AE82B8004A8E95 /* track1.caf */,
				4EAC4BED17AE82B8004A8E95 /* track2.caf */,
			);
			path = iPad_Sound;
			sourceTree = "<group>";
		};
		4EAC4BF317AE82C8004A8E95 /* iPhone_Resource */ = {
			isa = PBXGroup;
			children = (
				4EAC4BF417AE82C8004A8E95 /* iPhone_Image */,
				4EAC4BF617AE82C8004A8E95 /* iPhone_Sound */,
			);
			path = iPhone_Resource;
			sourceTree = "<group>";
		};
		4EAC4BF417AE82C8004A8E95 /* iPhone_Image */ = {
			isa = PBXGroup;
			children = (
				4EB7618617D0649C00031C4B /* iPhone_NavBar */,
				4EB7616317D043FB00031C4B /* iPhone_TabBar */,
				4E9EB87B17B220B8002CAD96 /* iPhone_Logo */,
			);
			path = iPhone_Image;
			sourceTree = "<group>";
		};
		4EAC4BF617AE82C8004A8E95 /* iPhone_Sound */ = {
			isa = PBXGroup;
			children = (
				4EAC4BF717AE82C8004A8E95 /* betting.mp3 */,
				4EAC4BF817AE82C8004A8E95 /* random.mp3 */,
				4EAC4BF917AE82C8004A8E95 /* tap.aif */,
			);
			path = iPhone_Sound;
			sourceTree = "<group>";
		};
		4EAC4BFE17AE82D7004A8E95 /* Sound */ = {
			isa = PBXGroup;
			children = (
				4EAC4BFF17AE82D7004A8E95 /* SoundManager */,
			);
			path = Sound;
			sourceTree = "<group>";
		};
		4EAC4BFF17AE82D7004A8E95 /* SoundManager */ = {
			isa = PBXGroup;
			children = (
				4EAC4C0017AE82D8004A8E95 /* SoundManager.h */,
				4EAC4C0117AE82D8004A8E95 /* SoundManager.m */,
			);
			path = SoundManager;
			sourceTree = "<group>";
		};
		4EB70F6917CF7AAC00884F37 /* UI */ = {
			isa = PBXGroup;
			children = (
				4EB70F6A17CF7AAC00884F37 /* AKTabBarController */,
			);
			path = UI;
			sourceTree = "<group>";
		};
		4EB70F6A17CF7AAC00884F37 /* AKTabBarController */ = {
			isa = PBXGroup;
			children = (
				4E3FB0B4182B36DD00E1244E /* UISplitViewController+AKTabBarController.h */,
				4E3FB0B5182B36DD00E1244E /* UISplitViewController+AKTabBarController.m */,
				4EB70F6B17CF7AAC00884F37 /* AKTab.h */,
				4EB70F6C17CF7AAC00884F37 /* AKTab.m */,
				4EB70F6D17CF7AAC00884F37 /* AKTabBar.h */,
				4EB70F6E17CF7AAC00884F37 /* AKTabBar.m */,
				4EB70F6F17CF7AAC00884F37 /* AKTabBarController.bundle */,
				4EB70F7017CF7AAC00884F37 /* AKTabBarController.h */,
				4EB70F7117CF7AAC00884F37 /* AKTabBarController.m */,
				4EB70F7217CF7AAC00884F37 /* AKTabBarView.h */,
				4EB70F7317CF7AAC00884F37 /* AKTabBarView.m */,
				4EB70F7417CF7AAC00884F37 /* UINavigationController+AKTabBarController.h */,
				4EB70F7517CF7AAC00884F37 /* UINavigationController+AKTabBarController.m */,
				4EB70F7617CF7AAC00884F37 /* UIViewController+AKTabBarController.h */,
				4EB70F7717CF7AAD00884F37 /* UIViewController+AKTabBarController.m */,
			);
			path = AKTabBarController;
			sourceTree = "<group>";
		};
		4EB7616317D043FB00031C4B /* iPhone_TabBar */ = {
			isa = PBXGroup;
			children = (
				4EB7616417D043FB00031C4B /* image-1-active.png */,
				4EB7616517D043FB00031C4B /* image-1-active@2x.png */,
				4EB7616617D043FB00031C4B /* image-1.png */,
				4EB7616717D043FB00031C4B /* image-1@2x.png */,
				4EB7616817D043FB00031C4B /* image-2.png */,
				4EB7616917D043FB00031C4B /* image-2@2x.png */,
				4EB7616A17D043FB00031C4B /* image-3.png */,
				4EB7616B17D043FB00031C4B /* image-3@2x.png */,
				4EB7616C17D043FB00031C4B /* image-4.png */,
				4EB7616D17D043FB00031C4B /* image-4@2x.png */,
				4EB7616E17D043FB00031C4B /* noise-dark-blue.png */,
				4EB7616F17D043FB00031C4B /* noise-dark-blue@2x.png */,
				4EB7617017D043FB00031C4B /* noise-dark-gray.png */,
				4EB7617117D043FB00031C4B /* noise-dark-gray@2x.png */,
				4EB7617217D043FC00031C4B /* noise-dark-green.png */,
				4EB7617317D043FC00031C4B /* noise-dark-green@2x.png */,
				4EB7617417D043FC00031C4B /* sample-center-image@2x.png */,
			);
			path = iPhone_TabBar;
			sourceTree = "<group>";
		};
		4EB7618617D0649C00031C4B /* iPhone_NavBar */ = {
			isa = PBXGroup;
			children = (
				4EB28739182B2335009DFB2A /* NavBar64@2x.png */,
				4E0FD24F17D0C1B40039780A /* NavLogo@2x.png */,
				4E0FD24417D09FFF0039780A /* NavButton@2x.png */,
				4E0FD24517D09FFF0039780A /* NavButtonPressed@2x.png */,
				4E0FD24017D08C3F0039780A /* NavBar.png */,
				4EB7618717D0649C00031C4B /* NavBar@2x.png */,
				4E0FD24117D08C3F0039780A /* zixunBar.png */,
				4EB7618917D06B1700031C4B /* zixunBar@2x.png */,
			);
			path = iPhone_NavBar;
			sourceTree = "<group>";
		};
		4EBB1AC017ACBB0D0080ED23 = {
			isa = PBXGroup;
			children = (
				4E8A3D6D17ACF33100F49E8D /* Library */,
				4E8A3D7717AD07A800F49E8D /* Category */,
				4EBB1AD217ACBB0D0080ED23 /* Architecture */,
				4EAC4B9B17AE71BF004A8E95 /* Helper */,
				4ECD3F6B17AE34ED003B9B42 /* Tool */,
				4E8A3D7F17AD097000F49E8D /* GaryPersonaManage */,
				4EBB1AF917ACBB0D0080ED23 /* ArchitectureTests */,
				4EBB1ACB17ACBB0D0080ED23 /* Frameworks */,
				4EBB1ACA17ACBB0D0080ED23 /* Products */,
			);
			sourceTree = "<group>";
		};
		4EBB1ACA17ACBB0D0080ED23 /* Products */ = {
			isa = PBXGroup;
			children = (
				4EBB1AC917ACBB0D0080ED23 /* Architecture.app */,
				4EBB1AF217ACBB0D0080ED23 /* ArchitectureTests.octest */,
			);
			name = Products;
			sourceTree = "<group>";
		};
		4EBB1ACB17ACBB0D0080ED23 /* Frameworks */ = {
			isa = PBXGroup;
			children = (
				4E90345817D704EF00C751D6 /* AudioToolbox.framework */,
				4EAC4BE417AE8070004A8E95 /* AVFoundation.framework */,
				4EAC4BCC17AE73AD004A8E95 /* QuartzCore.framework */,
				4EAC4B9317AE695C004A8E95 /* MobileCoreServices.framework */,
				4EAC4B8F17AE6874004A8E95 /* Security.framework */,
				4EAC4B8D17AE6869004A8E95 /* SystemConfiguration.framework */,
				4EBB1ACC17ACBB0D0080ED23 /* UIKit.framework */,
				4EBB1ACE17ACBB0D0080ED23 /* Foundation.framework */,
				4EBB1AD017ACBB0D0080ED23 /* CoreGraphics.framework */,
				4EBB1AF317ACBB0D0080ED23 /* SenTestingKit.framework */,
			);
			name = Frameworks;
			sourceTree = "<group>";
		};
		4EBB1AD217ACBB0D0080ED23 /* Architecture */ = {
			isa = PBXGroup;
			children = (
				4EBE34C9183B6758001204E7 /* DefineManager */,
				4EBB1B0A17ACBBAD0080ED23 /* AppEngine */,
				4EBB1AE417ACBB0D0080ED23 /* ViewController.h */,
				4EBB1AE517ACBB0D0080ED23 /* ViewController.m */,
				4EBB1AE717ACBB0D0080ED23 /* ViewController_iPhone.xib */,
				4EBB1AEA17ACBB0D0080ED23 /* ViewController_iPad.xib */,
				4E8A3D8417AD0F8E00F49E8D /* Resource */,
				4EBB1AD317ACBB0D0080ED23 /* Supporting Files */,
			);
			path = Architecture;
			sourceTree = "<group>";
		};
		4EBB1AD317ACBB0D0080ED23 /* Supporting Files */ = {
			isa = PBXGroup;
			children = (
				4EBB1AD417ACBB0D0080ED23 /* Architecture-Info.plist */,
				4EBB1AD517ACBB0D0080ED23 /* InfoPlist.strings */,
				4EBB1AD817ACBB0D0080ED23 /* main.m */,
				4EBB1ADA17ACBB0D0080ED23 /* Architecture-Prefix.pch */,
				4E758E0417AE91B00000916E /* Localizable.strings */,
			);
			name = "Supporting Files";
			sourceTree = "<group>";
		};
		4EBB1AF917ACBB0D0080ED23 /* ArchitectureTests */ = {
			isa = PBXGroup;
			children = (
				4EBB1AFF17ACBB0D0080ED23 /* ArchitectureTests.h */,
				4EBB1B0017ACBB0D0080ED23 /* ArchitectureTests.m */,
				4EBB1AFA17ACBB0D0080ED23 /* Supporting Files */,
			);
			path = ArchitectureTests;
			sourceTree = "<group>";
		};
		4EBB1AFA17ACBB0D0080ED23 /* Supporting Files */ = {
			isa = PBXGroup;
			children = (
				4EBB1AFB17ACBB0D0080ED23 /* ArchitectureTests-Info.plist */,
				4EBB1AFC17ACBB0D0080ED23 /* InfoPlist.strings */,
			);
			name = "Supporting Files";
			sourceTree = "<group>";
		};
		4EBB1B0A17ACBBAD0080ED23 /* AppEngine */ = {
			isa = PBXGroup;
			children = (
				4E8A3D8717AD0FC400F49E8D /* iPad_View */,
				4E8A3D8817AD0FC400F49E8D /* iPhone_View */,
				4EBB1ADB17ACBB0D0080ED23 /* AppDelegate.h */,
				4EBB1ADC17ACBB0D0080ED23 /* AppDelegate.m */,
			);
			path = AppEngine;
			sourceTree = "<group>";
		};
		4EBE34C9183B6758001204E7 /* DefineManager */ = {
			isa = PBXGroup;
			children = (
				4EBE34CA183B6758001204E7 /* DefineFile */,
				4EBE34D0183B6758001204E7 /* DefineFileManager.h */,
			);
			path = DefineManager;
			sourceTree = "<group>";
		};
		4EBE34CA183B6758001204E7 /* DefineFile */ = {
			isa = PBXGroup;
			children = (
				4EBE34CB183B6758001204E7 /* APIManage.h */,
				4EBE34CC183B6758001204E7 /* AppConfigManage.h */,
				4EBE34CD183B6758001204E7 /* RequestAddressManage.h */,
				4EBE34CE183B6758001204E7 /* ShorthandMethodManage.h */,
				4EBE34CF183B6758001204E7 /* Singleton.h */,
			);
			path = DefineFile;
			sourceTree = "<group>";
		};
		4EC62613183C48920046EE43 /* CategoryFile */ = {
			isa = PBXGroup;
			children = (
				4EC62614183C48920046EE43 /* NSString+Category.h */,
				4EC62615183C48920046EE43 /* NSString+Category.m */,
				4EC62616183C48920046EE43 /* UIButton+Category.h */,
				4EC62617183C48920046EE43 /* UIButton+Category.m */,
				4EC62618183C48920046EE43 /* UIColor+Colours.h */,
				4EC62619183C48920046EE43 /* UIColor+Colours.m */,
				4EC6261A183C48920046EE43 /* UIDevice+SystemInfo.h */,
				4EC6261B183C48920046EE43 /* UIDevice+SystemInfo.m */,
			);
			path = CategoryFile;
			sourceTree = "<group>";
		};
		4ECD3F6B17AE34ED003B9B42 /* Tool */ = {
			isa = PBXGroup;
			children = (
				4EAC4BA417AE7395004A8E95 /* CBIntrospect */,
				4ECD3F6F17AE366F003B9B42 /* RegularVerification.h */,
				4ECD3F7017AE366F003B9B42 /* RegularVerification.m */,
			);
			path = Tool;
			sourceTree = "<group>";
		};
/* End PBXGroup section */

/* Begin PBXNativeTarget section */
		4EBB1AC817ACBB0D0080ED23 /* Architecture */ = {
			isa = PBXNativeTarget;
			buildConfigurationList = 4EBB1B0417ACBB0D0080ED23 /* Build configuration list for PBXNativeTarget "Architecture" */;
			buildPhases = (
				4EBB1AC517ACBB0D0080ED23 /* Sources */,
				4EBB1AC617ACBB0D0080ED23 /* Frameworks */,
				4EBB1AC717ACBB0D0080ED23 /* Resources */,
			);
			buildRules = (
			);
			dependencies = (
			);
			name = Architecture;
			productName = Architecture;
			productReference = 4EBB1AC917ACBB0D0080ED23 /* Architecture.app */;
			productType = "com.apple.product-type.application";
		};
		4EBB1AF117ACBB0D0080ED23 /* ArchitectureTests */ = {
			isa = PBXNativeTarget;
			buildConfigurationList = 4EBB1B0717ACBB0D0080ED23 /* Build configuration list for PBXNativeTarget "ArchitectureTests" */;
			buildPhases = (
				4EBB1AED17ACBB0D0080ED23 /* Sources */,
				4EBB1AEE17ACBB0D0080ED23 /* Frameworks */,
				4EBB1AEF17ACBB0D0080ED23 /* Resources */,
				4EBB1AF017ACBB0D0080ED23 /* ShellScript */,
			);
			buildRules = (
			);
			dependencies = (
				4EBB1AF817ACBB0D0080ED23 /* PBXTargetDependency */,
			);
			name = ArchitectureTests;
			productName = ArchitectureTests;
			productReference = 4EBB1AF217ACBB0D0080ED23 /* ArchitectureTests.octest */;
			productType = "com.apple.product-type.bundle";
		};
/* End PBXNativeTarget section */

/* Begin PBXProject section */
		4EBB1AC117ACBB0D0080ED23 /* Project object */ = {
			isa = PBXProject;
			attributes = {
				LastUpgradeCheck = 0460;
				ORGANIZATIONNAME = Gary;
			};
			buildConfigurationList = 4EBB1AC417ACBB0D0080ED23 /* Build configuration list for PBXProject "Architecture" */;
			compatibilityVersion = "Xcode 3.2";
			developmentRegion = English;
			hasScannedForEncodings = 0;
			knownRegions = (
				en,
				"zh-Hans",
			);
			mainGroup = 4EBB1AC017ACBB0D0080ED23;
			productRefGroup = 4EBB1ACA17ACBB0D0080ED23 /* Products */;
			projectDirPath = "";
			projectRoot = "";
			targets = (
				4EBB1AC817ACBB0D0080ED23 /* Architecture */,
				4EBB1AF117ACBB0D0080ED23 /* ArchitectureTests */,
			);
		};
/* End PBXProject section */

/* Begin PBXResourcesBuildPhase section */
		4EBB1AC717ACBB0D0080ED23 /* Resources */ = {
			isa = PBXResourcesBuildPhase;
			buildActionMask = 2147483647;
			files = (
				4EBB1AD717ACBB0D0080ED23 /* InfoPlist.strings in Resources */,
				4EBB1AE917ACBB0D0080ED23 /* ViewController_iPhone.xib in Resources */,
				4EBB1AEC17ACBB0D0080ED23 /* ViewController_iPad.xib in Resources */,
				4E211608182A31B6007AECB7 /* ios7_spotlight_icon_ipad.png in Resources */,
				4ECD3F7917AE466A003B9B42 /* iPad_View in Resources */,
				4E211609182A31B6007AECB7 /* ios7_spotlight_icon_ipad@2x.png in Resources */,
				4EAC4BEF17AE82B8004A8E95 /* sound1.caf in Resources */,
				4EAC4BF017AE82B8004A8E95 /* sound2.caf in Resources */,
				4EAC4BF117AE82B8004A8E95 /* track1.caf in Resources */,
				4EAC4BF217AE82B8004A8E95 /* track2.caf in Resources */,
				4EAC4BFB17AE82C8004A8E95 /* betting.mp3 in Resources */,
				4EAC4BFC17AE82C8004A8E95 /* random.mp3 in Resources */,
				4EAC4BFD17AE82C8004A8E95 /* tap.aif in Resources */,
				4E758E0217AE91B00000916E /* Localizable.strings in Resources */,
				4E9EB88317B220B8002CAD96 /* Default-568h@2x.png in Resources */,
				4E21160A182A31B6007AECB7 /* Settings_icon_ipad.png in Resources */,
				4E9EB88417B220B8002CAD96 /* Default.png in Resources */,
				4E9EB88517B220B8002CAD96 /* Default@2x.png in Resources */,
				4E9EB88617B220B8002CAD96 /* Icon-Small.png in Resources */,
				4E9EB88717B220B8002CAD96 /* Icon-Small@2x.png in Resources */,
				4E9EB88817B220B8002CAD96 /* Icon.png in Resources */,
				4E9EB88917B220B8002CAD96 /* Icon@2x.png in Resources */,
				4E9EB89317B220EF002CAD96 /* Default-Landscape@2x~ipad.png in Resources */,
				4E9EB89417B220EF002CAD96 /* Default-Landscape~ipad.png in Resources */,
				4E9EB89517B220EF002CAD96 /* Default-Portrait@2x~ipad.png in Resources */,
				4E9EB89617B220EF002CAD96 /* Default-Portrait~ipad.png in Resources */,
				4E9EB89717B220EF002CAD96 /* ipad-Icon-Small.png in Resources */,
				4E9EB89817B220EF002CAD96 /* ipad-Icon-Small@2x.png in Resources */,
				4E9EB89917B220EF002CAD96 /* ipad-Icon.png in Resources */,
				4E9EB89A17B220EF002CAD96 /* ipad-Icon@2x.png in Resources */,
				4EB70F7A17CF7AAD00884F37 /* AKTabBarController.bundle in Resources */,
				4E211604182A31B6007AECB7 /* Default-ios7-Portrait@2x~ipad.png in Resources */,
				4EB7617517D043FC00031C4B /* image-1-active.png in Resources */,
				4EB7617617D043FC00031C4B /* image-1-active@2x.png in Resources */,
				4EB7617717D043FC00031C4B /* image-1.png in Resources */,
				4EB7617817D043FC00031C4B /* image-1@2x.png in Resources */,
				4E2115E2182A3155007AECB7 /* ios7_app_icon_iphone@2x.png in Resources */,
				4EB7617917D043FC00031C4B /* image-2.png in Resources */,
				4EB7617A17D043FC00031C4B /* image-2@2x.png in Resources */,
				4E211603182A31B6007AECB7 /* Default-ios7-Landscape~ipad.png in Resources */,
				4EB7617B17D043FC00031C4B /* image-3.png in Resources */,
				4E211607182A31B6007AECB7 /* ios7_app_icon_ipad@2x.png in Resources */,
				4EB7617C17D043FC00031C4B /* image-3@2x.png in Resources */,
				4EB7617D17D043FC00031C4B /* image-4.png in Resources */,
				4EB7617E17D043FC00031C4B /* image-4@2x.png in Resources */,
				4E211602182A31B6007AECB7 /* Default-ios7-Landscape@2x~ipad.png in Resources */,
				4EB7617F17D043FC00031C4B /* noise-dark-blue.png in Resources */,
				4EB7618017D043FC00031C4B /* noise-dark-blue@2x.png in Resources */,
				4EB7618117D043FC00031C4B /* noise-dark-gray.png in Resources */,
				4EB7618217D043FC00031C4B /* noise-dark-gray@2x.png in Resources */,
				4E211605182A31B6007AECB7 /* Default-ios7-Portrait~ipad.png in Resources */,
				4EB7618317D043FC00031C4B /* noise-dark-green.png in Resources */,
				4E211606182A31B6007AECB7 /* ios7_app_icon_ipad.png in Resources */,
				4EB7618417D043FC00031C4B /* noise-dark-green@2x.png in Resources */,
				4EB7618517D043FC00031C4B /* sample-center-image@2x.png in Resources */,
				4EB7618817D0649C00031C4B /* NavBar@2x.png in Resources */,
				4EB7618A17D06B1700031C4B /* zixunBar@2x.png in Resources */,
				4E0FD24217D08C3F0039780A /* NavBar.png in Resources */,
				4E0FD24317D08C3F0039780A /* zixunBar.png in Resources */,
				4E2115E3182A3155007AECB7 /* ios7_spotlight_icon@2x.png in Resources */,
				4EB2873A182B2335009DFB2A /* NavBar64@2x.png in Resources */,
				4E0FD24617D09FFF0039780A /* NavButton@2x.png in Resources */,
				4E21160B182A31B6007AECB7 /* Settings_icon_ipad@2x.png in Resources */,
				4E0FD24717D09FFF0039780A /* NavButtonPressed@2x.png in Resources */,
				4E0FD24E17D0BDDB0039780A /* digital-7.ttf in Resources */,
				4E0FD25017D0C1B40039780A /* NavLogo@2x.png in Resources */,
				4E0FD25517D0C5570039780A /* icare_iphone_lightline.png in Resources */,
				4E0FD25617D0C5570039780A /* icare_iphone_lightline@2x.png in Resources */,
				4E0FD25717D0C5570039780A /* icare_iphone_lightpoint.png in Resources */,
				4E0FD25817D0C5570039780A /* icare_iphone_lightpoint@2x.png in Resources */,
			);
			runOnlyForDeploymentPostprocessing = 0;
		};
		4EBB1AEF17ACBB0D0080ED23 /* Resources */ = {
			isa = PBXResourcesBuildPhase;
			buildActionMask = 2147483647;
			files = (
				4EBB1AFE17ACBB0D0080ED23 /* InfoPlist.strings in Resources */,
			);
			runOnlyForDeploymentPostprocessing = 0;
		};
/* End PBXResourcesBuildPhase section */

/* Begin PBXShellScriptBuildPhase section */
		4EBB1AF017ACBB0D0080ED23 /* ShellScript */ = {
			isa = PBXShellScriptBuildPhase;
			buildActionMask = 2147483647;
			files = (
			);
			inputPaths = (
			);
			outputPaths = (
			);
			runOnlyForDeploymentPostprocessing = 0;
			shellPath = /bin/sh;
			shellScript = "# Run the unit tests in this test bundle.\n\"${SYSTEM_DEVELOPER_DIR}/Tools/RunUnitTests\"\n";
		};
/* End PBXShellScriptBuildPhase section */

/* Begin PBXSourcesBuildPhase section */
		4EBB1AC517ACBB0D0080ED23 /* Sources */ = {
			isa = PBXSourcesBuildPhase;
			buildActionMask = 2147483647;
			files = (
				4EBB1AD917ACBB0D0080ED23 /* main.m in Sources */,
				4EBB1ADD17ACBB0D0080ED23 /* AppDelegate.m in Sources */,
				4EBB1AE617ACBB0D0080ED23 /* ViewController.m in Sources */,
				4E3FB0B6182B36DD00E1244E /* UISplitViewController+AKTabBarController.m in Sources */,
				4EC6261E183C48920046EE43 /* UIColor+Colours.m in Sources */,
				4E8A3D7217ACF37400F49E8D /* OpenUDID.m in Sources */,
				4E8A3D8217AD097100F49E8D /* GaryPersonalLog.m in Sources */,
				4ECD3F7217AE3719003B9B42 /* RegularVerification.m in Sources */,
				4EAC4B8417AE6715004A8E95 /* AFHTTPClient.m in Sources */,
				4EAC4B8517AE6715004A8E95 /* AFHTTPRequestOperation.m in Sources */,
				4EC6261D183C48920046EE43 /* UIButton+Category.m in Sources */,
				4EAC4B8617AE6715004A8E95 /* AFImageRequestOperation.m in Sources */,
				4EAC4B8717AE6715004A8E95 /* AFJSONRequestOperation.m in Sources */,
				4EC6261C183C48920046EE43 /* NSString+Category.m in Sources */,
				4EAC4B8817AE6715004A8E95 /* AFNetworkActivityIndicatorManager.m in Sources */,
				4EAC4B8917AE6715004A8E95 /* AFPropertyListRequestOperation.m in Sources */,
				4EAC4B8A17AE6715004A8E95 /* AFURLConnectionOperation.m in Sources */,
				4EAC4B8B17AE6715004A8E95 /* AFXMLRequestOperation.m in Sources */,
				4EAC4B8C17AE6715004A8E95 /* UIImageView+AFNetworking.m in Sources */,
				4EAC4BA217AE71BF004A8E95 /* AppDelegateHelper.m in Sources */,
				4EAC4BA317AE71BF004A8E95 /* AFAppDotNetAPIClient.m in Sources */,
				4EAC4BC017AE7395004A8E95 /* CBFileWatcher.m in Sources */,
				4EAC4BC117AE7395004A8E95 /* CBIntrospect.m in Sources */,
				4EAC4BC217AE7395004A8E95 /* DCCrossHairView.m in Sources */,
				4EAC4BC317AE7395004A8E95 /* DCFrameView.m in Sources */,
				4EAC4BC417AE7395004A8E95 /* DCIntrospect.m in Sources */,
				4EAC4BC517AE7395004A8E95 /* DCStatusBarOverlay.m in Sources */,
				4EAC4BC617AE7395004A8E95 /* DCUtility.m in Sources */,
				4EAC4BC717AE7395004A8E95 /* DLInvocationResult.m in Sources */,
				4EAC4BC817AE7395004A8E95 /* DLStatementParser.m in Sources */,
				4EAC4BC917AE7395004A8E95 /* NSObject+JSON.m in Sources */,
				4EAC4BCA17AE7395004A8E95 /* UIView+Introspector.m in Sources */,
				4EC6261F183C48920046EE43 /* UIDevice+SystemInfo.m in Sources */,
				4EAC4BCB17AE7395004A8E95 /* UIWindow+Introspector.m in Sources */,
				4EAC4C0217AE82D8004A8E95 /* SoundManager.m in Sources */,
				4E758E1117AEA3100000916E /* Reachability.m in Sources */,
				4EB70F7817CF7AAD00884F37 /* AKTab.m in Sources */,
				4EB70F7917CF7AAD00884F37 /* AKTabBar.m in Sources */,
				4EB70F7B17CF7AAD00884F37 /* AKTabBarController.m in Sources */,
				4EB70F7C17CF7AAD00884F37 /* AKTabBarView.m in Sources */,
				4EB70F7D17CF7AAD00884F37 /* UINavigationController+AKTabBarController.m in Sources */,
				4EB70F7E17CF7AAD00884F37 /* UIViewController+AKTabBarController.m in Sources */,
				4EB7615F17D03E2200031C4B /* ContentViewController.m in Sources */,
				4EB7616017D03E2800031C4B /* FourthViewController.m in Sources */,
				4EB7616117D03E2A00031C4B /* SecondViewController.m in Sources */,
				4EB7616217D03E2E00031C4B /* ThirdViewController.m in Sources */,
			);
			runOnlyForDeploymentPostprocessing = 0;
		};
		4EBB1AED17ACBB0D0080ED23 /* Sources */ = {
			isa = PBXSourcesBuildPhase;
			buildActionMask = 2147483647;
			files = (
				4EBB1B0117ACBB0D0080ED23 /* ArchitectureTests.m in Sources */,
			);
			runOnlyForDeploymentPostprocessing = 0;
		};
/* End PBXSourcesBuildPhase section */

/* Begin PBXTargetDependency section */
		4EBB1AF817ACBB0D0080ED23 /* PBXTargetDependency */ = {
			isa = PBXTargetDependency;
			target = 4EBB1AC817ACBB0D0080ED23 /* Architecture */;
			targetProxy = 4EBB1AF717ACBB0D0080ED23 /* PBXContainerItemProxy */;
		};
/* End PBXTargetDependency section */

/* Begin PBXVariantGroup section */
		4E758E0417AE91B00000916E /* Localizable.strings */ = {
			isa = PBXVariantGroup;
			children = (
				4E758E0317AE91B00000916E /* zh-Hans */,
				4E758E0517AE91B40000916E /* en */,
			);
			name = Localizable.strings;
			sourceTree = "<group>";
		};
		4EBB1AD517ACBB0D0080ED23 /* InfoPlist.strings */ = {
			isa = PBXVariantGroup;
			children = (
				4EBB1AD617ACBB0D0080ED23 /* en */,
				4E758DF817AE8DAE0000916E /* zh-Hans */,
			);
			name = InfoPlist.strings;
			sourceTree = "<group>";
		};
		4EBB1AE717ACBB0D0080ED23 /* ViewController_iPhone.xib */ = {
			isa = PBXVariantGroup;
			children = (
				4EBB1AE817ACBB0D0080ED23 /* en */,
			);
			name = ViewController_iPhone.xib;
			sourceTree = "<group>";
		};
		4EBB1AEA17ACBB0D0080ED23 /* ViewController_iPad.xib */ = {
			isa = PBXVariantGroup;
			children = (
				4EBB1AEB17ACBB0D0080ED23 /* en */,
			);
			name = ViewController_iPad.xib;
			sourceTree = "<group>";
		};
		4EBB1AFC17ACBB0D0080ED23 /* InfoPlist.strings */ = {
			isa = PBXVariantGroup;
			children = (
				4EBB1AFD17ACBB0D0080ED23 /* en */,
			);
			name = InfoPlist.strings;
			sourceTree = "<group>";
		};
/* End PBXVariantGroup section */

/* Begin XCBuildConfiguration section */
		4EBB1B0217ACBB0D0080ED23 /* Debug */ = {
			isa = XCBuildConfiguration;
			buildSettings = {
				ALWAYS_SEARCH_USER_PATHS = NO;
				CLANG_CXX_LANGUAGE_STANDARD = "gnu++0x";
				CLANG_CXX_LIBRARY = "libc++";
				CLANG_WARN_CONSTANT_CONVERSION = YES;
				CLANG_WARN_EMPTY_BODY = YES;
				CLANG_WARN_ENUM_CONVERSION = YES;
				CLANG_WARN_INT_CONVERSION = YES;
				CLANG_WARN__DUPLICATE_METHOD_MATCH = YES;
				"CODE_SIGN_IDENTITY[sdk=iphoneos*]" = "iPhone Developer";
				COPY_PHASE_STRIP = NO;
				GCC_C_LANGUAGE_STANDARD = gnu99;
				GCC_DYNAMIC_NO_PIC = NO;
				GCC_OPTIMIZATION_LEVEL = 0;
				GCC_PREPROCESSOR_DEFINITIONS = (
					"DEBUG=1",
					"$(inherited)",
				);
				GCC_SYMBOLS_PRIVATE_EXTERN = NO;
				GCC_WARN_ABOUT_RETURN_TYPE = YES;
				GCC_WARN_UNINITIALIZED_AUTOS = YES;
				GCC_WARN_UNUSED_VARIABLE = YES;
				IPHONEOS_DEPLOYMENT_TARGET = 4.3;
				ONLY_ACTIVE_ARCH = YES;
				SDKROOT = iphoneos;
				TARGETED_DEVICE_FAMILY = "1,2";
			};
			name = Debug;
		};
		4EBB1B0317ACBB0D0080ED23 /* Release */ = {
			isa = XCBuildConfiguration;
			buildSettings = {
				ALWAYS_SEARCH_USER_PATHS = NO;
				CLANG_CXX_LANGUAGE_STANDARD = "gnu++0x";
				CLANG_CXX_LIBRARY = "libc++";
				CLANG_WARN_CONSTANT_CONVERSION = YES;
				CLANG_WARN_EMPTY_BODY = YES;
				CLANG_WARN_ENUM_CONVERSION = YES;
				CLANG_WARN_INT_CONVERSION = YES;
				CLANG_WARN__DUPLICATE_METHOD_MATCH = YES;
				"CODE_SIGN_IDENTITY[sdk=iphoneos*]" = "iPhone Developer";
				COPY_PHASE_STRIP = YES;
				GCC_C_LANGUAGE_STANDARD = gnu99;
				GCC_WARN_ABOUT_RETURN_TYPE = YES;
				GCC_WARN_UNINITIALIZED_AUTOS = YES;
				GCC_WARN_UNUSED_VARIABLE = YES;
				IPHONEOS_DEPLOYMENT_TARGET = 4.3;
				OTHER_CFLAGS = "-DNS_BLOCK_ASSERTIONS=1";
				SDKROOT = iphoneos;
				TARGETED_DEVICE_FAMILY = "1,2";
				VALIDATE_PRODUCT = YES;
			};
			name = Release;
		};
		4EBB1B0517ACBB0D0080ED23 /* Debug */ = {
			isa = XCBuildConfiguration;
			buildSettings = {
				CLANG_CXX_LANGUAGE_STANDARD = "gnu++0x";
				CLANG_CXX_LIBRARY = "libc++";
				CODE_SIGN_IDENTITY = "iPhone Developer";
				GCC_PRECOMPILE_PREFIX_HEADER = YES;
				GCC_PREFIX_HEADER = "Architecture/Architecture-Prefix.pch";
				GCC_VERSION = "";
				INFOPLIST_FILE = "Architecture/Architecture-Info.plist";
				IPHONEOS_DEPLOYMENT_TARGET = 4.3;
				PRODUCT_NAME = "$(TARGET_NAME)";
				WRAPPER_EXTENSION = app;
			};
			name = Debug;
		};
		4EBB1B0617ACBB0D0080ED23 /* Release */ = {
			isa = XCBuildConfiguration;
			buildSettings = {
				CLANG_CXX_LANGUAGE_STANDARD = "gnu++0x";
				CLANG_CXX_LIBRARY = "libc++";
				CODE_SIGN_IDENTITY = "iPhone Developer";
				GCC_PRECOMPILE_PREFIX_HEADER = YES;
				GCC_PREFIX_HEADER = "Architecture/Architecture-Prefix.pch";
				GCC_VERSION = "";
				INFOPLIST_FILE = "Architecture/Architecture-Info.plist";
				IPHONEOS_DEPLOYMENT_TARGET = 4.3;
				PRODUCT_NAME = "$(TARGET_NAME)";
				WRAPPER_EXTENSION = app;
			};
			name = Release;
		};
		4EBB1B0817ACBB0D0080ED23 /* Debug */ = {
			isa = XCBuildConfiguration;
			buildSettings = {
				BUNDLE_LOADER = "$(BUILT_PRODUCTS_DIR)/Architecture.app/Architecture";
				FRAMEWORK_SEARCH_PATHS = (
					"\"$(SDKROOT)/Developer/Library/Frameworks\"",
					"\"$(DEVELOPER_LIBRARY_DIR)/Frameworks\"",
				);
				GCC_PRECOMPILE_PREFIX_HEADER = YES;
				GCC_PREFIX_HEADER = "Architecture/Architecture-Prefix.pch";
				INFOPLIST_FILE = "ArchitectureTests/ArchitectureTests-Info.plist";
				PRODUCT_NAME = "$(TARGET_NAME)";
				TEST_HOST = "$(BUNDLE_LOADER)";
				WRAPPER_EXTENSION = octest;
			};
			name = Debug;
		};
		4EBB1B0917ACBB0D0080ED23 /* Release */ = {
			isa = XCBuildConfiguration;
			buildSettings = {
				BUNDLE_LOADER = "$(BUILT_PRODUCTS_DIR)/Architecture.app/Architecture";
				FRAMEWORK_SEARCH_PATHS = (
					"\"$(SDKROOT)/Developer/Library/Frameworks\"",
					"\"$(DEVELOPER_LIBRARY_DIR)/Frameworks\"",
				);
				GCC_PRECOMPILE_PREFIX_HEADER = YES;
				GCC_PREFIX_HEADER = "Architecture/Architecture-Prefix.pch";
				INFOPLIST_FILE = "ArchitectureTests/ArchitectureTests-Info.plist";
				PRODUCT_NAME = "$(TARGET_NAME)";
				TEST_HOST = "$(BUNDLE_LOADER)";
				WRAPPER_EXTENSION = octest;
			};
			name = Release;
		};
/* End XCBuildConfiguration section */

/* Begin XCConfigurationList section */
		4EBB1AC417ACBB0D0080ED23 /* Build configuration list for PBXProject "Architecture" */ = {
			isa = XCConfigurationList;
			buildConfigurations = (
				4EBB1B0217ACBB0D0080ED23 /* Debug */,
				4EBB1B0317ACBB0D0080ED23 /* Release */,
			);
			defaultConfigurationIsVisible = 0;
			defaultConfigurationName = Release;
		};
		4EBB1B0417ACBB0D0080ED23 /* Build configuration list for PBXNativeTarget "Architecture" */ = {
			isa = XCConfigurationList;
			buildConfigurations = (
				4EBB1B0517ACBB0D0080ED23 /* Debug */,
				4EBB1B0617ACBB0D0080ED23 /* Release */,
			);
			defaultConfigurationIsVisible = 0;
			defaultConfigurationName = Release;
		};
		4EBB1B0717ACBB0D0080ED23 /* Build configuration list for PBXNativeTarget "ArchitectureTests" */ = {
			isa = XCConfigurationList;
			buildConfigurations = (
				4EBB1B0817ACBB0D0080ED23 /* Debug */,
				4EBB1B0917ACBB0D0080ED23 /* Release */,
			);
			defaultConfigurationIsVisible = 0;
			defaultConfigurationName = Release;
		};
/* End XCConfigurationList section */
	};
	rootObject = 4EBB1AC117ACBB0D0080ED23 /* Project object */;
}
